PODS:
  - DZNEmptyDataSet (1.8.1)
  - NVActivityIndicatorView (4.8.0):
    - NVActivityIndicatorView/Presenter (= 4.8.0)
  - NVActivityIndicatorView/Presenter (4.8.0)
  - Pastel (0.6.0)
  - Realm (4.4.0):
    - Realm/Headers (= 4.4.0)
  - Realm/Headers (4.4.0)
  - RealmSwift (4.4.0):
    - Realm (= 4.4.0)
  - Toast-Swift (3.0.1)

DEPENDENCIES:
  - DZNEmptyDataSet
  - NVActivityIndicatorView
  - Pastel
  - RealmSwift
  - Toast-Swift (~> 3.0.1)

SPEC REPOS:
  trunk:
    - DZNEmptyDataSet
    - NVActivityIndicatorView
    - Pastel
    - Realm
    - RealmSwift
    - Toast-Swift

SPEC CHECKSUMS:
  DZNEmptyDataSet: 9525833b9e68ac21c30253e1d3d7076cc828eaa7
  NVActivityIndicatorView: d24b7ebcf80af5dcd994adb650e2b6c93379270f
  Pastel: 814f081efbe2859c37e65ee44f396e6e5be88619
  Realm: e125f464884cda953ebefe70c671b75b03b81b9b
  RealmSwift: 33656a42bd300959a081fc13347376bc478071af
  Toast-Swift: ba0b01b095aada709d915f9beb1d38184a2721c3

PODFILE CHECKSUM: 0d8e8201ce5d21fba21286caa65611f7214958a1

COCOAPODS: 1.9.1
