PODS:
  - DZNEmptyDataSet (1.8.1)
  - NVActivityIndicatorView (4.3.0):
    - NVActivityIndicatorView/Presenter (= 4.3.0)
  - NVActivityIndicatorView/Presenter (4.3.0)
  - Pastel (0.4.0)
  - Realm (3.7.4):
    - Realm/Headers (= 3.7.4)
  - Realm/Headers (3.7.4)
  - RealmSwift (3.7.4):
    - Realm (= 3.7.4)
  - Toast-Swift (3.0.1)

DEPENDENCIES:
  - DZNEmptyDataSet
  - NVActivityIndicatorView
  - Pastel
  - RealmSwift
  - Toast-Swift (~> 3.0.1)

SPEC REPOS:
  https://github.com/cocoapods/specs.git:
    - DZNEmptyDataSet
    - NVActivityIndicatorView
    - Pastel
    - Realm
    - RealmSwift
    - Toast-Swift

SPEC CHECKSUMS:
  DZNEmptyDataSet: 9525833b9e68ac21c30253e1d3d7076cc828eaa7
  NVActivityIndicatorView: 963f62bf9f993fcf23218e55958e5b1761b9504c
  Pastel: 7fa5e26123b3dbe11f7ed255654bf37100b199a5
  Realm: a469bb59e33f9926102ccaea4349822c53b9117e
  RealmSwift: a45861b21c180f5cf0f122144b9759fa8dde3e9e
  Toast-Swift: ba0b01b095aada709d915f9beb1d38184a2721c3

PODFILE CHECKSUM: 839fa70e3822679274c2be53e2e704cc29832ec6

COCOAPODS: 1.5.3
