// !$*UTF8*$!
{
	archiveVersion = 1;
	classes = {
	};
	objectVersion = 50;
	objects = {

/* Begin PBXBuildFile section */
		060FC52B21071DE700E5D6BB /* AppDelegate.swift in Sources */ = {isa = PBXBuildFile; fileRef = 060FC52A21071DE700E5D6BB /* AppDelegate.swift */; };
		060FC53021071DE700E5D6BB /* Main.storyboard in Resources */ = {isa = PBXBuildFile; fileRef = 060FC52E21071DE700E5D6BB /* Main.storyboard */; };
		060FC53221071DE800E5D6BB /* Assets.xcassets in Resources */ = {isa = PBXBuildFile; fileRef = 060FC53121071DE800E5D6BB /* Assets.xcassets */; };
		060FC53521071DE800E5D6BB /* LaunchScreen.storyboard in Resources */ = {isa = PBXBuildFile; fileRef = 060FC53321071DE800E5D6BB /* LaunchScreen.storyboard */; };
		060FC5432107336E00E5D6BB /* UserModel.swift in Sources */ = {isa = PBXBuildFile; fileRef = 060FC5422107336E00E5D6BB /* UserModel.swift */; };
		060FC5452107348900E5D6BB /* NearbyDeviceCollectionViewCell.swift in Sources */ = {isa = PBXBuildFile; fileRef = 060FC5442107348900E5D6BB /* NearbyDeviceCollectionViewCell.swift */; };
		061095BC210F176400A23D27 /* AudioToolbox.framework in Frameworks */ = {isa = PBXBuildFile; fileRef = 061095BB210F176400A23D27 /* AudioToolbox.framework */; };
		061095C0210F3ED700A23D27 /* AvatarCollectionReusableViewFooter.swift in Sources */ = {isa = PBXBuildFile; fileRef = 061095BF210F3ED700A23D27 /* AvatarCollectionReusableViewFooter.swift */; };
		061095C421104C8E00A23D27 /* UsersConnectivity+UsersConnectivityDelegate.swift in Sources */ = {isa = PBXBuildFile; fileRef = 061095C321104C8E00A23D27 /* UsersConnectivity+UsersConnectivityDelegate.swift */; };
		061095C6211054F600A23D27 /* CurseManager.swift in Sources */ = {isa = PBXBuildFile; fileRef = 061095C5211054F600A23D27 /* CurseManager.swift */; };
		0618F3EC212C01F20004FDE4 /* VoiceMessageTableViewCell.swift in Sources */ = {isa = PBXBuildFile; fileRef = 0618F3EB212C01F20004FDE4 /* VoiceMessageTableViewCell.swift */; };
		0618F3EE212C09DD0004FDE4 /* VoiceRecorder.swift in Sources */ = {isa = PBXBuildFile; fileRef = 0618F3ED212C09DD0004FDE4 /* VoiceRecorder.swift */; };
		0618F3F2212C3F120004FDE4 /* SmartFormatter.swift in Sources */ = {isa = PBXBuildFile; fileRef = 0618F3F1212C3F120004FDE4 /* SmartFormatter.swift */; };
		0618F3F4212D5A310004FDE4 /* ChatRoomModel.swift in Sources */ = {isa = PBXBuildFile; fileRef = 0618F3F3212D5A310004FDE4 /* ChatRoomModel.swift */; };
		0618F3F8212D6A750004FDE4 /* group_chat_add_icon.png in Resources */ = {isa = PBXBuildFile; fileRef = 0618F3F7212D6A740004FDE4 /* group_chat_add_icon.png */; };
		0618F3FA212D6C5C0004FDE4 /* AllUsersTableViewController.swift in Sources */ = {isa = PBXBuildFile; fileRef = 0618F3F9212D6C5C0004FDE4 /* AllUsersTableViewController.swift */; };
		06262FCB21075E7A003C6A1E /* Constants.swift in Sources */ = {isa = PBXBuildFile; fileRef = 06262FCA21075E79003C6A1E /* Constants.swift */; };
		06262FCD21075E9E003C6A1E /* DZNEmptyDataSet.framework in Frameworks */ = {isa = PBXBuildFile; fileRef = 06262FCC21075E9E003C6A1E /* DZNEmptyDataSet.framework */; };
		06262FCF210762B6003C6A1E /* LoginViewController.swift in Sources */ = {isa = PBXBuildFile; fileRef = 06262FCE210762B6003C6A1E /* LoginViewController.swift */; };
		06262FD121076B08003C6A1E /* RegisterViewController.swift in Sources */ = {isa = PBXBuildFile; fileRef = 06262FD021076B08003C6A1E /* RegisterViewController.swift */; };
		06262FD7210876A2003C6A1E /* MessageCell.swift in Sources */ = {isa = PBXBuildFile; fileRef = 06262FD6210876A2003C6A1E /* MessageCell.swift */; };
		06262FD9210876BA003C6A1E /* ChatViewController.swift in Sources */ = {isa = PBXBuildFile; fileRef = 06262FD8210876BA003C6A1E /* ChatViewController.swift */; };
		06262FDD2108A88A003C6A1E /* MessageModel.swift in Sources */ = {isa = PBXBuildFile; fileRef = 06262FDC2108A88A003C6A1E /* MessageModel.swift */; };
		06262FDF2109C95D003C6A1E /* ChatPresenter+TableView.swift in Sources */ = {isa = PBXBuildFile; fileRef = 06262FDE2109C95D003C6A1E /* ChatPresenter+TableView.swift */; };
		06262FE32109DCD9003C6A1E /* Toast_Swift.framework in Frameworks */ = {isa = PBXBuildFile; fileRef = 06262FE22109DCD9003C6A1E /* Toast_Swift.framework */; };
		06262FE5210B471C003C6A1E /* AvatarCollectionViewController.swift in Sources */ = {isa = PBXBuildFile; fileRef = 06262FE4210B471C003C6A1E /* AvatarCollectionViewController.swift */; };
		06262FED210B63EB003C6A1E /* Pastel.framework in Frameworks */ = {isa = PBXBuildFile; fileRef = 06262FEC210B63EB003C6A1E /* Pastel.framework */; };
		065281622130050F008070C8 /* ChatInteractor.swift in Sources */ = {isa = PBXBuildFile; fileRef = 065281612130050F008070C8 /* ChatInteractor.swift */; };
		06528165213026FD008070C8 /* ChatPresenter.swift in Sources */ = {isa = PBXBuildFile; fileRef = 06528164213026FD008070C8 /* ChatPresenter.swift */; };
		06528169213042CE008070C8 /* ChatRouter.swift in Sources */ = {isa = PBXBuildFile; fileRef = 06528168213042CE008070C8 /* ChatRouter.swift */; };
		0652816B2133E6B8008070C8 /* VoiceRecordingViewController.swift in Sources */ = {isa = PBXBuildFile; fileRef = 0652816A2133E6B8008070C8 /* VoiceRecordingViewController.swift */; };
		0652816E21343116008070C8 /* NearbyUsersViewControllerV.swift in Sources */ = {isa = PBXBuildFile; fileRef = 0652816D21343116008070C8 /* NearbyUsersViewControllerV.swift */; };
		0652817021343130008070C8 /* NearbyUsersRouter.swift in Sources */ = {isa = PBXBuildFile; fileRef = 0652816F21343130008070C8 /* NearbyUsersRouter.swift */; };
		0652817221343184008070C8 /* NearbyUsersPresenter.swift in Sources */ = {isa = PBXBuildFile; fileRef = 0652817121343184008070C8 /* NearbyUsersPresenter.swift */; };
		0652817421343190008070C8 /* NearbyUsersInteractor.swift in Sources */ = {isa = PBXBuildFile; fileRef = 0652817321343190008070C8 /* NearbyUsersInteractor.swift */; };
		0652817621355AE5008070C8 /* MessageCellsManager.swift in Sources */ = {isa = PBXBuildFile; fileRef = 0652817521355AE5008070C8 /* MessageCellsManager.swift */; };
		0652817821355E8F008070C8 /* NearbyUsersPresenter+CollectionView.swift in Sources */ = {isa = PBXBuildFile; fileRef = 0652817721355E8F008070C8 /* NearbyUsersPresenter+CollectionView.swift */; };
		0652817A213565E4008070C8 /* ChatRoomModelView.swift in Sources */ = {isa = PBXBuildFile; fileRef = 06528179213565E4008070C8 /* ChatRoomModelView.swift */; };
		0652817C21357FAC008070C8 /* NearbyUsersPresenter+NotificationDelegate.swift in Sources */ = {isa = PBXBuildFile; fileRef = 0652817B21357FAC008070C8 /* NearbyUsersPresenter+NotificationDelegate.swift */; };
		0657906321198CEE005CF741 /* PastelViewManager.swift in Sources */ = {isa = PBXBuildFile; fileRef = 0657906221198CEE005CF741 /* PastelViewManager.swift */; };
		06579069211ACDDE005CF741 /* UsersConnectivity+Game.swift in Sources */ = {isa = PBXBuildFile; fileRef = 06579068211ACDDE005CF741 /* UsersConnectivity+Game.swift */; };
		0657906B211ACDF1005CF741 /* UsersConnectivity+Chat.swift in Sources */ = {isa = PBXBuildFile; fileRef = 0657906A211ACDF1005CF741 /* UsersConnectivity+Chat.swift */; };
		0657906F211AEEAE005CF741 /* Extensions.swift in Sources */ = {isa = PBXBuildFile; fileRef = 0657906E211AEEAE005CF741 /* Extensions.swift */; };
		06579073211C8003005CF741 /* login_background.jpg in Resources */ = {isa = PBXBuildFile; fileRef = 06579072211C8001005CF741 /* login_background.jpg */; };
		066C84772122F2BD0022CA95 /* gift-icon.png in Resources */ = {isa = PBXBuildFile; fileRef = 066C84742122F2BB0022CA95 /* gift-icon.png */; };
		066C84782122F2BD0022CA95 /* tunak-tunak.jpg in Resources */ = {isa = PBXBuildFile; fileRef = 066C84752122F2BC0022CA95 /* tunak-tunak.jpg */; };
		066C84792122F2BD0022CA95 /* tic-tac-toe.png in Resources */ = {isa = PBXBuildFile; fileRef = 066C84762122F2BC0022CA95 /* tic-tac-toe.png */; };
		066C84952122F5370022CA95 /* Avatars in Resources */ = {isa = PBXBuildFile; fileRef = 066C84942122F5370022CA95 /* Avatars */; };
		066C84A32122F6150022CA95 /* do_you_kno_da_wey.jpeg in Resources */ = {isa = PBXBuildFile; fileRef = 066C84972122F6150022CA95 /* do_you_kno_da_wey.jpeg */; };
		066C84A42122F6150022CA95 /* ghost_avatar.png in Resources */ = {isa = PBXBuildFile; fileRef = 066C84982122F6150022CA95 /* ghost_avatar.png */; };
		066C84A52122F6150022CA95 /* pepe.jpg in Resources */ = {isa = PBXBuildFile; fileRef = 066C84992122F6150022CA95 /* pepe.jpg */; };
		066C84A62122F6150022CA95 /* pepe11.jpg in Resources */ = {isa = PBXBuildFile; fileRef = 066C849A2122F6150022CA95 /* pepe11.jpg */; };
		066C84A72122F6150022CA95 /* pepe3.jpg in Resources */ = {isa = PBXBuildFile; fileRef = 066C849B2122F6150022CA95 /* pepe3.jpg */; };
		066C84A82122F6150022CA95 /* pepe4.png in Resources */ = {isa = PBXBuildFile; fileRef = 066C849C2122F6150022CA95 /* pepe4.png */; };
		066C84A92122F6150022CA95 /* pepe5.png in Resources */ = {isa = PBXBuildFile; fileRef = 066C849D2122F6150022CA95 /* pepe5.png */; };
		066C84AA2122F6150022CA95 /* pepe6.jpg in Resources */ = {isa = PBXBuildFile; fileRef = 066C849E2122F6150022CA95 /* pepe6.jpg */; };
		066C84AB2122F6150022CA95 /* pepe7.jpg in Resources */ = {isa = PBXBuildFile; fileRef = 066C849F2122F6150022CA95 /* pepe7.jpg */; };
		066C84AC2122F6150022CA95 /* pepe8.jpg in Resources */ = {isa = PBXBuildFile; fileRef = 066C84A02122F6150022CA95 /* pepe8.jpg */; };
		066C84AD2122F6150022CA95 /* pepe9.png in Resources */ = {isa = PBXBuildFile; fileRef = 066C84A12122F6150022CA95 /* pepe9.png */; };
		066C84AE2122F6150022CA95 /* spongebob.jpg in Resources */ = {isa = PBXBuildFile; fileRef = 066C84A22122F6150022CA95 /* spongebob.jpg */; };
		066C84B2212448E10022CA95 /* PhotoTableViewCell.swift in Sources */ = {isa = PBXBuildFile; fileRef = 066C84B1212448E10022CA95 /* PhotoTableViewCell.swift */; };
		066C84B4212455B80022CA95 /* ImageCache.swift in Sources */ = {isa = PBXBuildFile; fileRef = 066C84B3212455B80022CA95 /* ImageCache.swift */; };
		0680D58521119BD500B1C926 /* Spectre.swift in Sources */ = {isa = PBXBuildFile; fileRef = 0680D58421119BD500B1C926 /* Spectre.swift */; };
		0680D58B2111F8AF00B1C926 /* ItemsViewController.swift in Sources */ = {isa = PBXBuildFile; fileRef = 0680D58A2111F8AF00B1C926 /* ItemsViewController.swift */; };
		069361FA2107459900D02D22 /* UsersConnectivity.swift in Sources */ = {isa = PBXBuildFile; fileRef = 069361F92107459900D02D22 /* UsersConnectivity.swift */; };
		069361FD210745DC00D02D22 /* Protocols.swift in Sources */ = {isa = PBXBuildFile; fileRef = 069361FC210745DC00D02D22 /* Protocols.swift */; };
		06A26F5821134F650023F679 /* NotificationManager.swift in Sources */ = {isa = PBXBuildFile; fileRef = 06A26F5721134F650023F679 /* NotificationManager.swift */; };
		06A26F5A21135E330023F679 /* RealmManager.swift in Sources */ = {isa = PBXBuildFile; fileRef = 06A26F5921135E330023F679 /* RealmManager.swift */; };
		06A26F5C211496990023F679 /* ItemPopoverViewController.swift in Sources */ = {isa = PBXBuildFile; fileRef = 06A26F5B211496980023F679 /* ItemPopoverViewController.swift */; };
		06CADED0212ADA04005A59A2 /* ChatImageViewController.swift in Sources */ = {isa = PBXBuildFile; fileRef = 06CADECF212ADA03005A59A2 /* ChatImageViewController.swift */; };
		06CADED4212AED79005A59A2 /* notfound.png in Resources */ = {isa = PBXBuildFile; fileRef = 06CADED3212AED78005A59A2 /* notfound.png */; };
		06CADED7212AF3D3005A59A2 /* OptionsViewController.swift in Sources */ = {isa = PBXBuildFile; fileRef = 06CADED6212AF3D3005A59A2 /* OptionsViewController.swift */; };
		06CADED9212AF833005A59A2 /* ImagesCollectionViewController.swift in Sources */ = {isa = PBXBuildFile; fileRef = 06CADED8212AF833005A59A2 /* ImagesCollectionViewController.swift */; };
		06CADEDB212AFA50005A59A2 /* ImageCollectionViewCell.swift in Sources */ = {isa = PBXBuildFile; fileRef = 06CADEDA212AFA50005A59A2 /* ImageCollectionViewCell.swift */; };
		06EF53C8213D1A4900AE93BB /* CustomEmptyDataSetDelegate.swift in Sources */ = {isa = PBXBuildFile; fileRef = 06EF53C7213D1A4900AE93BB /* CustomEmptyDataSetDelegate.swift */; };
		3FAAF040A7A67884D713FD01 /* Pods_Limbo.framework in Frameworks */ = {isa = PBXBuildFile; fileRef = 9270B366D46D00900DB7BF1A /* Pods_Limbo.framework */; };
/* End PBXBuildFile section */

/* Begin PBXFileReference section */
		060FC52721071DE700E5D6BB /* Limbo.app */ = {isa = PBXFileReference; explicitFileType = wrapper.application; includeInIndex = 0; path = Limbo.app; sourceTree = BUILT_PRODUCTS_DIR; };
		060FC52A21071DE700E5D6BB /* AppDelegate.swift */ = {isa = PBXFileReference; lastKnownFileType = sourcecode.swift; path = AppDelegate.swift; sourceTree = "<group>"; };
		060FC52F21071DE700E5D6BB /* Base */ = {isa = PBXFileReference; lastKnownFileType = file.storyboard; name = Base; path = Base.lproj/Main.storyboard; sourceTree = "<group>"; };
		060FC53121071DE800E5D6BB /* Assets.xcassets */ = {isa = PBXFileReference; lastKnownFileType = folder.assetcatalog; path = Assets.xcassets; sourceTree = "<group>"; };
		060FC53421071DE800E5D6BB /* Base */ = {isa = PBXFileReference; lastKnownFileType = file.storyboard; name = Base; path = Base.lproj/LaunchScreen.storyboard; sourceTree = "<group>"; };
		060FC53621071DE800E5D6BB /* Info.plist */ = {isa = PBXFileReference; lastKnownFileType = text.plist.xml; path = Info.plist; sourceTree = "<group>"; };
		060FC5422107336E00E5D6BB /* UserModel.swift */ = {isa = PBXFileReference; lastKnownFileType = sourcecode.swift; path = UserModel.swift; sourceTree = "<group>"; };
		060FC5442107348900E5D6BB /* NearbyDeviceCollectionViewCell.swift */ = {isa = PBXFileReference; lastKnownFileType = sourcecode.swift; path = NearbyDeviceCollectionViewCell.swift; sourceTree = "<group>"; };
		061095BB210F176400A23D27 /* AudioToolbox.framework */ = {isa = PBXFileReference; lastKnownFileType = wrapper.framework; name = AudioToolbox.framework; path = System/Library/Frameworks/AudioToolbox.framework; sourceTree = SDKROOT; };
		061095BD210F178F00A23D27 /* LNRSimpleNotifications.framework */ = {isa = PBXFileReference; explicitFileType = wrapper.framework; path = LNRSimpleNotifications.framework; sourceTree = BUILT_PRODUCTS_DIR; };
		061095BF210F3ED700A23D27 /* AvatarCollectionReusableViewFooter.swift */ = {isa = PBXFileReference; lastKnownFileType = sourcecode.swift; path = AvatarCollectionReusableViewFooter.swift; sourceTree = "<group>"; };
		061095C321104C8E00A23D27 /* UsersConnectivity+UsersConnectivityDelegate.swift */ = {isa = PBXFileReference; lastKnownFileType = sourcecode.swift; path = "UsersConnectivity+UsersConnectivityDelegate.swift"; sourceTree = "<group>"; };
		061095C5211054F600A23D27 /* CurseManager.swift */ = {isa = PBXFileReference; lastKnownFileType = sourcecode.swift; path = CurseManager.swift; sourceTree = "<group>"; };
		0618F3EB212C01F20004FDE4 /* VoiceMessageTableViewCell.swift */ = {isa = PBXFileReference; lastKnownFileType = sourcecode.swift; path = VoiceMessageTableViewCell.swift; sourceTree = "<group>"; };
		0618F3ED212C09DD0004FDE4 /* VoiceRecorder.swift */ = {isa = PBXFileReference; lastKnownFileType = sourcecode.swift; path = VoiceRecorder.swift; sourceTree = "<group>"; };
		0618F3F1212C3F120004FDE4 /* SmartFormatter.swift */ = {isa = PBXFileReference; lastKnownFileType = sourcecode.swift; path = SmartFormatter.swift; sourceTree = "<group>"; };
		0618F3F3212D5A310004FDE4 /* ChatRoomModel.swift */ = {isa = PBXFileReference; lastKnownFileType = sourcecode.swift; path = ChatRoomModel.swift; sourceTree = "<group>"; };
		0618F3F7212D6A740004FDE4 /* group_chat_add_icon.png */ = {isa = PBXFileReference; lastKnownFileType = image.png; path = group_chat_add_icon.png; sourceTree = "<group>"; };
		0618F3F9212D6C5C0004FDE4 /* AllUsersTableViewController.swift */ = {isa = PBXFileReference; lastKnownFileType = sourcecode.swift; path = AllUsersTableViewController.swift; sourceTree = "<group>"; };
		06262FCA21075E79003C6A1E /* Constants.swift */ = {isa = PBXFileReference; fileEncoding = 4; lastKnownFileType = sourcecode.swift; path = Constants.swift; sourceTree = "<group>"; };
		06262FCC21075E9E003C6A1E /* DZNEmptyDataSet.framework */ = {isa = PBXFileReference; explicitFileType = wrapper.framework; path = DZNEmptyDataSet.framework; sourceTree = BUILT_PRODUCTS_DIR; };
		06262FCE210762B6003C6A1E /* LoginViewController.swift */ = {isa = PBXFileReference; lastKnownFileType = sourcecode.swift; path = LoginViewController.swift; sourceTree = "<group>"; };
		06262FD021076B08003C6A1E /* RegisterViewController.swift */ = {isa = PBXFileReference; lastKnownFileType = sourcecode.swift; path = RegisterViewController.swift; sourceTree = "<group>"; };
		06262FD6210876A2003C6A1E /* MessageCell.swift */ = {isa = PBXFileReference; lastKnownFileType = sourcecode.swift; path = MessageCell.swift; sourceTree = "<group>"; };
		06262FD8210876BA003C6A1E /* ChatViewController.swift */ = {isa = PBXFileReference; lastKnownFileType = sourcecode.swift; path = ChatViewController.swift; sourceTree = "<group>"; };
		06262FDC2108A88A003C6A1E /* MessageModel.swift */ = {isa = PBXFileReference; lastKnownFileType = sourcecode.swift; path = MessageModel.swift; sourceTree = "<group>"; };
		06262FDE2109C95D003C6A1E /* ChatPresenter+TableView.swift */ = {isa = PBXFileReference; lastKnownFileType = sourcecode.swift; path = "ChatPresenter+TableView.swift"; sourceTree = "<group>"; };
		06262FE22109DCD9003C6A1E /* Toast_Swift.framework */ = {isa = PBXFileReference; explicitFileType = wrapper.framework; path = Toast_Swift.framework; sourceTree = BUILT_PRODUCTS_DIR; };
		06262FE4210B471C003C6A1E /* AvatarCollectionViewController.swift */ = {isa = PBXFileReference; lastKnownFileType = sourcecode.swift; path = AvatarCollectionViewController.swift; sourceTree = "<group>"; };
		06262FEC210B63EB003C6A1E /* Pastel.framework */ = {isa = PBXFileReference; explicitFileType = wrapper.framework; path = Pastel.framework; sourceTree = BUILT_PRODUCTS_DIR; };
		065281612130050F008070C8 /* ChatInteractor.swift */ = {isa = PBXFileReference; lastKnownFileType = sourcecode.swift; path = ChatInteractor.swift; sourceTree = "<group>"; };
		06528164213026FD008070C8 /* ChatPresenter.swift */ = {isa = PBXFileReference; lastKnownFileType = sourcecode.swift; path = ChatPresenter.swift; sourceTree = "<group>"; };
		06528168213042CE008070C8 /* ChatRouter.swift */ = {isa = PBXFileReference; lastKnownFileType = sourcecode.swift; path = ChatRouter.swift; sourceTree = "<group>"; };
		0652816A2133E6B8008070C8 /* VoiceRecordingViewController.swift */ = {isa = PBXFileReference; lastKnownFileType = sourcecode.swift; path = VoiceRecordingViewController.swift; sourceTree = "<group>"; };
		0652816D21343116008070C8 /* NearbyUsersViewControllerV.swift */ = {isa = PBXFileReference; lastKnownFileType = sourcecode.swift; path = NearbyUsersViewControllerV.swift; sourceTree = "<group>"; };
		0652816F21343130008070C8 /* NearbyUsersRouter.swift */ = {isa = PBXFileReference; lastKnownFileType = sourcecode.swift; path = NearbyUsersRouter.swift; sourceTree = "<group>"; };
		0652817121343184008070C8 /* NearbyUsersPresenter.swift */ = {isa = PBXFileReference; lastKnownFileType = sourcecode.swift; path = NearbyUsersPresenter.swift; sourceTree = "<group>"; };
		0652817321343190008070C8 /* NearbyUsersInteractor.swift */ = {isa = PBXFileReference; lastKnownFileType = sourcecode.swift; path = NearbyUsersInteractor.swift; sourceTree = "<group>"; };
		0652817521355AE5008070C8 /* MessageCellsManager.swift */ = {isa = PBXFileReference; lastKnownFileType = sourcecode.swift; path = MessageCellsManager.swift; sourceTree = "<group>"; };
		0652817721355E8F008070C8 /* NearbyUsersPresenter+CollectionView.swift */ = {isa = PBXFileReference; lastKnownFileType = sourcecode.swift; path = "NearbyUsersPresenter+CollectionView.swift"; sourceTree = "<group>"; };
		06528179213565E4008070C8 /* ChatRoomModelView.swift */ = {isa = PBXFileReference; lastKnownFileType = sourcecode.swift; path = ChatRoomModelView.swift; sourceTree = "<group>"; };
		0652817B21357FAC008070C8 /* NearbyUsersPresenter+NotificationDelegate.swift */ = {isa = PBXFileReference; lastKnownFileType = sourcecode.swift; path = "NearbyUsersPresenter+NotificationDelegate.swift"; sourceTree = "<group>"; };
		0657906221198CEE005CF741 /* PastelViewManager.swift */ = {isa = PBXFileReference; lastKnownFileType = sourcecode.swift; path = PastelViewManager.swift; sourceTree = "<group>"; };
		06579068211ACDDE005CF741 /* UsersConnectivity+Game.swift */ = {isa = PBXFileReference; lastKnownFileType = sourcecode.swift; path = "UsersConnectivity+Game.swift"; sourceTree = "<group>"; };
		0657906A211ACDF1005CF741 /* UsersConnectivity+Chat.swift */ = {isa = PBXFileReference; lastKnownFileType = sourcecode.swift; path = "UsersConnectivity+Chat.swift"; sourceTree = "<group>"; };
		0657906E211AEEAE005CF741 /* Extensions.swift */ = {isa = PBXFileReference; lastKnownFileType = sourcecode.swift; path = Extensions.swift; sourceTree = "<group>"; };
		06579072211C8001005CF741 /* login_background.jpg */ = {isa = PBXFileReference; lastKnownFileType = image.jpeg; path = login_background.jpg; sourceTree = "<group>"; };
		066C84742122F2BB0022CA95 /* gift-icon.png */ = {isa = PBXFileReference; lastKnownFileType = image.png; path = "gift-icon.png"; sourceTree = "<group>"; };
		066C84752122F2BC0022CA95 /* tunak-tunak.jpg */ = {isa = PBXFileReference; lastKnownFileType = image.jpeg; path = "tunak-tunak.jpg"; sourceTree = "<group>"; };
		066C84762122F2BC0022CA95 /* tic-tac-toe.png */ = {isa = PBXFileReference; lastKnownFileType = image.png; path = "tic-tac-toe.png"; sourceTree = "<group>"; };
		066C84942122F5370022CA95 /* Avatars */ = {isa = PBXFileReference; lastKnownFileType = folder; name = Avatars; path = Limbo/Resources/Avatars; sourceTree = SOURCE_ROOT; };
		066C84972122F6150022CA95 /* do_you_kno_da_wey.jpeg */ = {isa = PBXFileReference; lastKnownFileType = image.jpeg; path = do_you_kno_da_wey.jpeg; sourceTree = "<group>"; };
		066C84982122F6150022CA95 /* ghost_avatar.png */ = {isa = PBXFileReference; lastKnownFileType = image.png; path = ghost_avatar.png; sourceTree = "<group>"; };
		066C84992122F6150022CA95 /* pepe.jpg */ = {isa = PBXFileReference; lastKnownFileType = image.jpeg; path = pepe.jpg; sourceTree = "<group>"; };
		066C849A2122F6150022CA95 /* pepe11.jpg */ = {isa = PBXFileReference; lastKnownFileType = image.jpeg; path = pepe11.jpg; sourceTree = "<group>"; };
		066C849B2122F6150022CA95 /* pepe3.jpg */ = {isa = PBXFileReference; lastKnownFileType = image.jpeg; path = pepe3.jpg; sourceTree = "<group>"; };
		066C849C2122F6150022CA95 /* pepe4.png */ = {isa = PBXFileReference; lastKnownFileType = image.png; path = pepe4.png; sourceTree = "<group>"; };
		066C849D2122F6150022CA95 /* pepe5.png */ = {isa = PBXFileReference; lastKnownFileType = image.png; path = pepe5.png; sourceTree = "<group>"; };
		066C849E2122F6150022CA95 /* pepe6.jpg */ = {isa = PBXFileReference; lastKnownFileType = image.jpeg; path = pepe6.jpg; sourceTree = "<group>"; };
		066C849F2122F6150022CA95 /* pepe7.jpg */ = {isa = PBXFileReference; lastKnownFileType = image.jpeg; path = pepe7.jpg; sourceTree = "<group>"; };
		066C84A02122F6150022CA95 /* pepe8.jpg */ = {isa = PBXFileReference; lastKnownFileType = image.jpeg; path = pepe8.jpg; sourceTree = "<group>"; };
		066C84A12122F6150022CA95 /* pepe9.png */ = {isa = PBXFileReference; lastKnownFileType = image.png; path = pepe9.png; sourceTree = "<group>"; };
		066C84A22122F6150022CA95 /* spongebob.jpg */ = {isa = PBXFileReference; lastKnownFileType = image.jpeg; path = spongebob.jpg; sourceTree = "<group>"; };
		066C84B1212448E10022CA95 /* PhotoTableViewCell.swift */ = {isa = PBXFileReference; lastKnownFileType = sourcecode.swift; path = PhotoTableViewCell.swift; sourceTree = "<group>"; };
		066C84B3212455B80022CA95 /* ImageCache.swift */ = {isa = PBXFileReference; lastKnownFileType = sourcecode.swift; path = ImageCache.swift; sourceTree = "<group>"; };
		0680D58421119BD500B1C926 /* Spectre.swift */ = {isa = PBXFileReference; lastKnownFileType = sourcecode.swift; path = Spectre.swift; sourceTree = "<group>"; };
		0680D58A2111F8AF00B1C926 /* ItemsViewController.swift */ = {isa = PBXFileReference; lastKnownFileType = sourcecode.swift; path = ItemsViewController.swift; sourceTree = "<group>"; };
		069361F92107459900D02D22 /* UsersConnectivity.swift */ = {isa = PBXFileReference; fileEncoding = 4; lastKnownFileType = sourcecode.swift; path = UsersConnectivity.swift; sourceTree = "<group>"; };
		069361FC210745DC00D02D22 /* Protocols.swift */ = {isa = PBXFileReference; lastKnownFileType = sourcecode.swift; path = Protocols.swift; sourceTree = "<group>"; };
		06A26F5721134F650023F679 /* NotificationManager.swift */ = {isa = PBXFileReference; lastKnownFileType = sourcecode.swift; path = NotificationManager.swift; sourceTree = "<group>"; };
		06A26F5921135E330023F679 /* RealmManager.swift */ = {isa = PBXFileReference; lastKnownFileType = sourcecode.swift; path = RealmManager.swift; sourceTree = "<group>"; };
		06A26F5B211496980023F679 /* ItemPopoverViewController.swift */ = {isa = PBXFileReference; lastKnownFileType = sourcecode.swift; path = ItemPopoverViewController.swift; sourceTree = "<group>"; };
		06CADECF212ADA03005A59A2 /* ChatImageViewController.swift */ = {isa = PBXFileReference; fileEncoding = 4; lastKnownFileType = sourcecode.swift; path = ChatImageViewController.swift; sourceTree = "<group>"; };
		06CADED3212AED78005A59A2 /* notfound.png */ = {isa = PBXFileReference; lastKnownFileType = image.png; path = notfound.png; sourceTree = "<group>"; };
		06CADED6212AF3D3005A59A2 /* OptionsViewController.swift */ = {isa = PBXFileReference; lastKnownFileType = sourcecode.swift; path = OptionsViewController.swift; sourceTree = "<group>"; };
		06CADED8212AF833005A59A2 /* ImagesCollectionViewController.swift */ = {isa = PBXFileReference; lastKnownFileType = sourcecode.swift; path = ImagesCollectionViewController.swift; sourceTree = "<group>"; };
		06CADEDA212AFA50005A59A2 /* ImageCollectionViewCell.swift */ = {isa = PBXFileReference; lastKnownFileType = sourcecode.swift; path = ImageCollectionViewCell.swift; sourceTree = "<group>"; };
		06EF53C7213D1A4900AE93BB /* CustomEmptyDataSetDelegate.swift */ = {isa = PBXFileReference; lastKnownFileType = sourcecode.swift; path = CustomEmptyDataSetDelegate.swift; sourceTree = "<group>"; };
		62DB9537D81A311EB8C0824B /* Pods-Limbo.debug.xcconfig */ = {isa = PBXFileReference; includeInIndex = 1; lastKnownFileType = text.xcconfig; name = "Pods-Limbo.debug.xcconfig"; path = "Pods/Target Support Files/Pods-Limbo/Pods-Limbo.debug.xcconfig"; sourceTree = "<group>"; };
		9270B366D46D00900DB7BF1A /* Pods_Limbo.framework */ = {isa = PBXFileReference; explicitFileType = wrapper.framework; includeInIndex = 0; path = Pods_Limbo.framework; sourceTree = BUILT_PRODUCTS_DIR; };
		ECBC6D0F2B39D67B3E92515C /* Pods-Limbo.release.xcconfig */ = {isa = PBXFileReference; includeInIndex = 1; lastKnownFileType = text.xcconfig; name = "Pods-Limbo.release.xcconfig"; path = "Pods/Target Support Files/Pods-Limbo/Pods-Limbo.release.xcconfig"; sourceTree = "<group>"; };
/* End PBXFileReference section */

/* Begin PBXFrameworksBuildPhase section */
		060FC52421071DE700E5D6BB /* Frameworks */ = {
			isa = PBXFrameworksBuildPhase;
			buildActionMask = 2147483647;
			files = (
				061095BC210F176400A23D27 /* AudioToolbox.framework in Frameworks */,
				06262FED210B63EB003C6A1E /* Pastel.framework in Frameworks */,
				06262FE32109DCD9003C6A1E /* Toast_Swift.framework in Frameworks */,
				06262FCD21075E9E003C6A1E /* DZNEmptyDataSet.framework in Frameworks */,
				3FAAF040A7A67884D713FD01 /* Pods_Limbo.framework in Frameworks */,
			);
			runOnlyForDeploymentPostprocessing = 0;
		};
/* End PBXFrameworksBuildPhase section */

/* Begin PBXGroup section */
		060FC51E21071DE700E5D6BB = {
			isa = PBXGroup;
			children = (
				060FC52921071DE700E5D6BB /* Limbo */,
				060FC52821071DE700E5D6BB /* Products */,
				8EF2989E40B25AB500F92F64 /* Pods */,
				1DC3AF52497DCF1AF8048988 /* Frameworks */,
			);
			sourceTree = "<group>";
		};
		060FC52821071DE700E5D6BB /* Products */ = {
			isa = PBXGroup;
			children = (
				060FC52721071DE700E5D6BB /* Limbo.app */,
			);
			name = Products;
			sourceTree = "<group>";
		};
		060FC52921071DE700E5D6BB /* Limbo */ = {
			isa = PBXGroup;
			children = (
				060FC5462107433100E5D6BB /* Utilities */,
				060FC5412107335C00E5D6BB /* Entities */,
				060FC53E210732DF00E5D6BB /* View Controllers */,
				06262FD221086A4F003C6A1E /* Resources */,
				060FC52A21071DE700E5D6BB /* AppDelegate.swift */,
				060FC52E21071DE700E5D6BB /* Main.storyboard */,
				060FC53121071DE800E5D6BB /* Assets.xcassets */,
				060FC53321071DE800E5D6BB /* LaunchScreen.storyboard */,
				060FC53621071DE800E5D6BB /* Info.plist */,
			);
			path = Limbo;
			sourceTree = "<group>";
		};
		060FC53E210732DF00E5D6BB /* View Controllers */ = {
			isa = PBXGroup;
			children = (
				0652816C213430E2008070C8 /* Nearby Users */,
				061095CB2110AC4500A23D27 /* Chat */,
				061095CA2110AC3200A23D27 /* Login Register */,
				06262FE4210B471C003C6A1E /* AvatarCollectionViewController.swift */,
				061095BF210F3ED700A23D27 /* AvatarCollectionReusableViewFooter.swift */,
			);
			path = "View Controllers";
			sourceTree = "<group>";
		};
		060FC5412107335C00E5D6BB /* Entities */ = {
			isa = PBXGroup;
			children = (
				060FC5422107336E00E5D6BB /* UserModel.swift */,
				06262FDC2108A88A003C6A1E /* MessageModel.swift */,
				0618F3F3212D5A310004FDE4 /* ChatRoomModel.swift */,
			);
			path = Entities;
			sourceTree = "<group>";
		};
		060FC5462107433100E5D6BB /* Utilities */ = {
			isa = PBXGroup;
			children = (
				069361F92107459900D02D22 /* UsersConnectivity.swift */,
				061095C321104C8E00A23D27 /* UsersConnectivity+UsersConnectivityDelegate.swift */,
				06579068211ACDDE005CF741 /* UsersConnectivity+Game.swift */,
				0657906A211ACDF1005CF741 /* UsersConnectivity+Chat.swift */,
				069361FC210745DC00D02D22 /* Protocols.swift */,
				06262FCA21075E79003C6A1E /* Constants.swift */,
				061095C5211054F600A23D27 /* CurseManager.swift */,
				0680D58421119BD500B1C926 /* Spectre.swift */,
				06A26F5721134F650023F679 /* NotificationManager.swift */,
				06A26F5921135E330023F679 /* RealmManager.swift */,
				0657906221198CEE005CF741 /* PastelViewManager.swift */,
				0657906E211AEEAE005CF741 /* Extensions.swift */,
				066C84B3212455B80022CA95 /* ImageCache.swift */,
				0618F3ED212C09DD0004FDE4 /* VoiceRecorder.swift */,
				0618F3F1212C3F120004FDE4 /* SmartFormatter.swift */,
				06EF53C7213D1A4900AE93BB /* CustomEmptyDataSetDelegate.swift */,
			);
			path = Utilities;
			sourceTree = "<group>";
		};
		061095CA2110AC3200A23D27 /* Login Register */ = {
			isa = PBXGroup;
			children = (
				06262FCE210762B6003C6A1E /* LoginViewController.swift */,
				06262FD021076B08003C6A1E /* RegisterViewController.swift */,
			);
			path = "Login Register";
			sourceTree = "<group>";
		};
		061095CB2110AC4500A23D27 /* Chat */ = {
			isa = PBXGroup;
			children = (
				065281632130188E008070C8 /* MessageCells */,
				06CADED5212AF3B2005A59A2 /* Options */,
				06262FD8210876BA003C6A1E /* ChatViewController.swift */,
				06262FDE2109C95D003C6A1E /* ChatPresenter+TableView.swift */,
				06528164213026FD008070C8 /* ChatPresenter.swift */,
				065281612130050F008070C8 /* ChatInteractor.swift */,
				06528168213042CE008070C8 /* ChatRouter.swift */,
			);
			path = Chat;
			sourceTree = "<group>";
		};
		06262FD221086A4F003C6A1E /* Resources */ = {
			isa = PBXGroup;
			children = (
				066C84942122F5370022CA95 /* Avatars */,
				066C84962122F6150022CA95 /* Avatars */,
				066C84742122F2BB0022CA95 /* gift-icon.png */,
				066C84762122F2BC0022CA95 /* tic-tac-toe.png */,
				066C84752122F2BC0022CA95 /* tunak-tunak.jpg */,
				0618F3F7212D6A740004FDE4 /* group_chat_add_icon.png */,
				06579072211C8001005CF741 /* login_background.jpg */,
				06CADED3212AED78005A59A2 /* notfound.png */,
			);
			path = Resources;
			sourceTree = "<group>";
		};
		065281632130188E008070C8 /* MessageCells */ = {
			isa = PBXGroup;
			children = (
				0652817521355AE5008070C8 /* MessageCellsManager.swift */,
				06262FD6210876A2003C6A1E /* MessageCell.swift */,
				066C84B1212448E10022CA95 /* PhotoTableViewCell.swift */,
				0618F3EB212C01F20004FDE4 /* VoiceMessageTableViewCell.swift */,
			);
			path = MessageCells;
			sourceTree = "<group>";
		};
		0652816C213430E2008070C8 /* Nearby Users */ = {
			isa = PBXGroup;
			children = (
				0664C9F521383204005BAAC1 /* EntityViewModel */,
				0664C9F4213831EF005BAAC1 /* Interactor */,
				0664C9F3213831E7005BAAC1 /* Router */,
				0664C9F2213831DC005BAAC1 /* View */,
				0664C9F1213830A0005BAAC1 /* Presenter */,
				0618F3F9212D6C5C0004FDE4 /* AllUsersTableViewController.swift */,
				06A26F5B211496980023F679 /* ItemPopoverViewController.swift */,
			);
			path = "Nearby Users";
			sourceTree = "<group>";
		};
		0664C9F1213830A0005BAAC1 /* Presenter */ = {
			isa = PBXGroup;
			children = (
				0652817121343184008070C8 /* NearbyUsersPresenter.swift */,
				0652817B21357FAC008070C8 /* NearbyUsersPresenter+NotificationDelegate.swift */,
				0652817721355E8F008070C8 /* NearbyUsersPresenter+CollectionView.swift */,
			);
			path = Presenter;
			sourceTree = "<group>";
		};
		0664C9F2213831DC005BAAC1 /* View */ = {
			isa = PBXGroup;
			children = (
				0652816D21343116008070C8 /* NearbyUsersViewControllerV.swift */,
			);
			path = View;
			sourceTree = "<group>";
		};
		0664C9F3213831E7005BAAC1 /* Router */ = {
			isa = PBXGroup;
			children = (
				0652816F21343130008070C8 /* NearbyUsersRouter.swift */,
			);
			path = Router;
			sourceTree = "<group>";
		};
		0664C9F4213831EF005BAAC1 /* Interactor */ = {
			isa = PBXGroup;
			children = (
				0652817321343190008070C8 /* NearbyUsersInteractor.swift */,
			);
			path = Interactor;
			sourceTree = "<group>";
		};
		0664C9F521383204005BAAC1 /* EntityViewModel */ = {
			isa = PBXGroup;
			children = (
				06528179213565E4008070C8 /* ChatRoomModelView.swift */,
				060FC5442107348900E5D6BB /* NearbyDeviceCollectionViewCell.swift */,
			);
			path = EntityViewModel;
			sourceTree = "<group>";
		};
		066C84962122F6150022CA95 /* Avatars */ = {
			isa = PBXGroup;
			children = (
				066C84972122F6150022CA95 /* do_you_kno_da_wey.jpeg */,
				066C84982122F6150022CA95 /* ghost_avatar.png */,
				066C84992122F6150022CA95 /* pepe.jpg */,
				066C849A2122F6150022CA95 /* pepe11.jpg */,
				066C849B2122F6150022CA95 /* pepe3.jpg */,
				066C849C2122F6150022CA95 /* pepe4.png */,
				066C849D2122F6150022CA95 /* pepe5.png */,
				066C849E2122F6150022CA95 /* pepe6.jpg */,
				066C849F2122F6150022CA95 /* pepe7.jpg */,
				066C84A02122F6150022CA95 /* pepe8.jpg */,
				066C84A12122F6150022CA95 /* pepe9.png */,
				066C84A22122F6150022CA95 /* spongebob.jpg */,
			);
			path = Avatars;
			sourceTree = "<group>";
		};
		06CADED5212AF3B2005A59A2 /* Options */ = {
			isa = PBXGroup;
			children = (
				0680D58A2111F8AF00B1C926 /* ItemsViewController.swift */,
				06CADECF212ADA03005A59A2 /* ChatImageViewController.swift */,
				06CADED6212AF3D3005A59A2 /* OptionsViewController.swift */,
				06CADED8212AF833005A59A2 /* ImagesCollectionViewController.swift */,
				06CADEDA212AFA50005A59A2 /* ImageCollectionViewCell.swift */,
				0652816A2133E6B8008070C8 /* VoiceRecordingViewController.swift */,
			);
			path = Options;
			sourceTree = "<group>";
		};
		1DC3AF52497DCF1AF8048988 /* Frameworks */ = {
			isa = PBXGroup;
			children = (
				061095BD210F178F00A23D27 /* LNRSimpleNotifications.framework */,
				061095BB210F176400A23D27 /* AudioToolbox.framework */,
				06262FEC210B63EB003C6A1E /* Pastel.framework */,
				06262FE22109DCD9003C6A1E /* Toast_Swift.framework */,
				06262FCC21075E9E003C6A1E /* DZNEmptyDataSet.framework */,
				9270B366D46D00900DB7BF1A /* Pods_Limbo.framework */,
			);
			name = Frameworks;
			sourceTree = "<group>";
		};
		8EF2989E40B25AB500F92F64 /* Pods */ = {
			isa = PBXGroup;
			children = (
				62DB9537D81A311EB8C0824B /* Pods-Limbo.debug.xcconfig */,
				ECBC6D0F2B39D67B3E92515C /* Pods-Limbo.release.xcconfig */,
			);
			name = Pods;
			sourceTree = "<group>";
		};
/* End PBXGroup section */

/* Begin PBXNativeTarget section */
		060FC52621071DE700E5D6BB /* Limbo */ = {
			isa = PBXNativeTarget;
			buildConfigurationList = 060FC53921071DE800E5D6BB /* Build configuration list for PBXNativeTarget "Limbo" */;
			buildPhases = (
				C9A648DF860532C1019CC105 /* [CP] Check Pods Manifest.lock */,
				060FC52321071DE700E5D6BB /* Sources */,
				060FC52421071DE700E5D6BB /* Frameworks */,
				060FC52521071DE700E5D6BB /* Resources */,
				6C7EE0D3B5867F7D000F5BA7 /* [CP] Embed Pods Frameworks */,
			);
			buildRules = (
			);
			dependencies = (
			);
			name = Limbo;
			productName = Limbo;
			productReference = 060FC52721071DE700E5D6BB /* Limbo.app */;
			productType = "com.apple.product-type.application";
		};
/* End PBXNativeTarget section */

/* Begin PBXProject section */
		060FC51F21071DE700E5D6BB /* Project object */ = {
			isa = PBXProject;
			attributes = {
				LastSwiftUpdateCheck = 0940;
				LastUpgradeCheck = 0940;
				ORGANIZATIONNAME = "A-Team User";
				TargetAttributes = {
					060FC52621071DE700E5D6BB = {
						CreatedOnToolsVersion = 9.4.1;
						SystemCapabilities = {
							com.apple.BackgroundModes = {
								enabled = 1;
							};
						};
					};
				};
			};
			buildConfigurationList = 060FC52221071DE700E5D6BB /* Build configuration list for PBXProject "Limbo" */;
			compatibilityVersion = "Xcode 9.3";
			developmentRegion = en;
			hasScannedForEncodings = 0;
			knownRegions = (
				en,
				Base,
			);
			mainGroup = 060FC51E21071DE700E5D6BB;
			productRefGroup = 060FC52821071DE700E5D6BB /* Products */;
			projectDirPath = "";
			projectRoot = "";
			targets = (
				060FC52621071DE700E5D6BB /* Limbo */,
			);
		};
/* End PBXProject section */

/* Begin PBXResourcesBuildPhase section */
		060FC52521071DE700E5D6BB /* Resources */ = {
			isa = PBXResourcesBuildPhase;
			buildActionMask = 2147483647;
			files = (
				0618F3F8212D6A750004FDE4 /* group_chat_add_icon.png in Resources */,
				066C84A32122F6150022CA95 /* do_you_kno_da_wey.jpeg in Resources */,
				066C84AB2122F6150022CA95 /* pepe7.jpg in Resources */,
				066C84A62122F6150022CA95 /* pepe11.jpg in Resources */,
				066C84952122F5370022CA95 /* Avatars in Resources */,
				060FC53521071DE800E5D6BB /* LaunchScreen.storyboard in Resources */,
				066C84772122F2BD0022CA95 /* gift-icon.png in Resources */,
				060FC53221071DE800E5D6BB /* Assets.xcassets in Resources */,
				066C84782122F2BD0022CA95 /* tunak-tunak.jpg in Resources */,
				066C84A72122F6150022CA95 /* pepe3.jpg in Resources */,
				066C84AA2122F6150022CA95 /* pepe6.jpg in Resources */,
				06CADED4212AED79005A59A2 /* notfound.png in Resources */,
				066C84A92122F6150022CA95 /* pepe5.png in Resources */,
				066C84AE2122F6150022CA95 /* spongebob.jpg in Resources */,
				066C84A82122F6150022CA95 /* pepe4.png in Resources */,
				066C84A42122F6150022CA95 /* ghost_avatar.png in Resources */,
				066C84AD2122F6150022CA95 /* pepe9.png in Resources */,
				066C84792122F2BD0022CA95 /* tic-tac-toe.png in Resources */,
				066C84AC2122F6150022CA95 /* pepe8.jpg in Resources */,
				06579073211C8003005CF741 /* login_background.jpg in Resources */,
				066C84A52122F6150022CA95 /* pepe.jpg in Resources */,
				060FC53021071DE700E5D6BB /* Main.storyboard in Resources */,
			);
			runOnlyForDeploymentPostprocessing = 0;
		};
/* End PBXResourcesBuildPhase section */

/* Begin PBXShellScriptBuildPhase section */
		6C7EE0D3B5867F7D000F5BA7 /* [CP] Embed Pods Frameworks */ = {
			isa = PBXShellScriptBuildPhase;
			buildActionMask = 2147483647;
			files = (
			);
			inputPaths = (
				"${SRCROOT}/Pods/Target Support Files/Pods-Limbo/Pods-Limbo-frameworks.sh",
				"${BUILT_PRODUCTS_DIR}/DZNEmptyDataSet/DZNEmptyDataSet.framework",
				"${BUILT_PRODUCTS_DIR}/NVActivityIndicatorView/NVActivityIndicatorView.framework",
				"${BUILT_PRODUCTS_DIR}/Pastel/Pastel.framework",
				"${BUILT_PRODUCTS_DIR}/Realm/Realm.framework",
				"${BUILT_PRODUCTS_DIR}/RealmSwift/RealmSwift.framework",
				"${BUILT_PRODUCTS_DIR}/Toast-Swift/Toast_Swift.framework",
			);
			name = "[CP] Embed Pods Frameworks";
			outputPaths = (
				"${TARGET_BUILD_DIR}/${FRAMEWORKS_FOLDER_PATH}/DZNEmptyDataSet.framework",
				"${TARGET_BUILD_DIR}/${FRAMEWORKS_FOLDER_PATH}/NVActivityIndicatorView.framework",
				"${TARGET_BUILD_DIR}/${FRAMEWORKS_FOLDER_PATH}/Pastel.framework",
				"${TARGET_BUILD_DIR}/${FRAMEWORKS_FOLDER_PATH}/Realm.framework",
				"${TARGET_BUILD_DIR}/${FRAMEWORKS_FOLDER_PATH}/RealmSwift.framework",
				"${TARGET_BUILD_DIR}/${FRAMEWORKS_FOLDER_PATH}/Toast_Swift.framework",
			);
			runOnlyForDeploymentPostprocessing = 0;
			shellPath = /bin/sh;
			shellScript = "\"${SRCROOT}/Pods/Target Support Files/Pods-Limbo/Pods-Limbo-frameworks.sh\"\n";
			showEnvVarsInLog = 0;
		};
		C9A648DF860532C1019CC105 /* [CP] Check Pods Manifest.lock */ = {
			isa = PBXShellScriptBuildPhase;
			buildActionMask = 2147483647;
			files = (
			);
			inputPaths = (
				"${PODS_PODFILE_DIR_PATH}/Podfile.lock",
				"${PODS_ROOT}/Manifest.lock",
			);
			name = "[CP] Check Pods Manifest.lock";
			outputPaths = (
				"$(DERIVED_FILE_DIR)/Pods-Limbo-checkManifestLockResult.txt",
			);
			runOnlyForDeploymentPostprocessing = 0;
			shellPath = /bin/sh;
			shellScript = "diff \"${PODS_PODFILE_DIR_PATH}/Podfile.lock\" \"${PODS_ROOT}/Manifest.lock\" > /dev/null\nif [ $? != 0 ] ; then\n    # print error to STDERR\n    echo \"error: The sandbox is not in sync with the Podfile.lock. Run 'pod install' or update your CocoaPods installation.\" >&2\n    exit 1\nfi\n# This output is used by Xcode 'outputs' to avoid re-running this script phase.\necho \"SUCCESS\" > \"${SCRIPT_OUTPUT_FILE_0}\"\n";
			showEnvVarsInLog = 0;
		};
/* End PBXShellScriptBuildPhase section */

/* Begin PBXSourcesBuildPhase section */
		060FC52321071DE700E5D6BB /* Sources */ = {
			isa = PBXSourcesBuildPhase;
			buildActionMask = 2147483647;
			files = (
				0618F3F4212D5A310004FDE4 /* ChatRoomModel.swift in Sources */,
				061095C6211054F600A23D27 /* CurseManager.swift in Sources */,
				06262FD7210876A2003C6A1E /* MessageCell.swift in Sources */,
				061095C421104C8E00A23D27 /* UsersConnectivity+UsersConnectivityDelegate.swift in Sources */,
				06262FCF210762B6003C6A1E /* LoginViewController.swift in Sources */,
				0618F3FA212D6C5C0004FDE4 /* AllUsersTableViewController.swift in Sources */,
				06262FD121076B08003C6A1E /* RegisterViewController.swift in Sources */,
				06A26F5821134F650023F679 /* NotificationManager.swift in Sources */,
				0657906F211AEEAE005CF741 /* Extensions.swift in Sources */,
				061095C0210F3ED700A23D27 /* AvatarCollectionReusableViewFooter.swift in Sources */,
				066C84B2212448E10022CA95 /* PhotoTableViewCell.swift in Sources */,
				0652817821355E8F008070C8 /* NearbyUsersPresenter+CollectionView.swift in Sources */,
				060FC52B21071DE700E5D6BB /* AppDelegate.swift in Sources */,
				060FC5432107336E00E5D6BB /* UserModel.swift in Sources */,
				069361FD210745DC00D02D22 /* Protocols.swift in Sources */,
				06CADEDB212AFA50005A59A2 /* ImageCollectionViewCell.swift in Sources */,
				0618F3EC212C01F20004FDE4 /* VoiceMessageTableViewCell.swift in Sources */,
				0652817421343190008070C8 /* NearbyUsersInteractor.swift in Sources */,
				0618F3F2212C3F120004FDE4 /* SmartFormatter.swift in Sources */,
				065281622130050F008070C8 /* ChatInteractor.swift in Sources */,
				0657906B211ACDF1005CF741 /* UsersConnectivity+Chat.swift in Sources */,
				0652817621355AE5008070C8 /* MessageCellsManager.swift in Sources */,
				0680D58521119BD500B1C926 /* Spectre.swift in Sources */,
				06262FE5210B471C003C6A1E /* AvatarCollectionViewController.swift in Sources */,
				066C84B4212455B80022CA95 /* ImageCache.swift in Sources */,
				06262FDD2108A88A003C6A1E /* MessageModel.swift in Sources */,
				069361FA2107459900D02D22 /* UsersConnectivity.swift in Sources */,
				060FC5452107348900E5D6BB /* NearbyDeviceCollectionViewCell.swift in Sources */,
				0652816B2133E6B8008070C8 /* VoiceRecordingViewController.swift in Sources */,
				06EF53C8213D1A4900AE93BB /* CustomEmptyDataSetDelegate.swift in Sources */,
				06262FD9210876BA003C6A1E /* ChatViewController.swift in Sources */,
				0652817221343184008070C8 /* NearbyUsersPresenter.swift in Sources */,
				0652817021343130008070C8 /* NearbyUsersRouter.swift in Sources */,
				06528169213042CE008070C8 /* ChatRouter.swift in Sources */,
				06262FDF2109C95D003C6A1E /* ChatPresenter+TableView.swift in Sources */,
				06A26F5A21135E330023F679 /* RealmManager.swift in Sources */,
				06CADED9212AF833005A59A2 /* ImagesCollectionViewController.swift in Sources */,
				06CADED0212ADA04005A59A2 /* ChatImageViewController.swift in Sources */,
				0618F3EE212C09DD0004FDE4 /* VoiceRecorder.swift in Sources */,
				06A26F5C211496990023F679 /* ItemPopoverViewController.swift in Sources */,
				0657906321198CEE005CF741 /* PastelViewManager.swift in Sources */,
				06CADED7212AF3D3005A59A2 /* OptionsViewController.swift in Sources */,
				0680D58B2111F8AF00B1C926 /* ItemsViewController.swift in Sources */,
				0652817A213565E4008070C8 /* ChatRoomModelView.swift in Sources */,
				06528165213026FD008070C8 /* ChatPresenter.swift in Sources */,
				06262FCB21075E7A003C6A1E /* Constants.swift in Sources */,
				0652817C21357FAC008070C8 /* NearbyUsersPresenter+NotificationDelegate.swift in Sources */,
				0652816E21343116008070C8 /* NearbyUsersViewControllerV.swift in Sources */,
				06579069211ACDDE005CF741 /* UsersConnectivity+Game.swift in Sources */,
			);
			runOnlyForDeploymentPostprocessing = 0;
		};
/* End PBXSourcesBuildPhase section */

/* Begin PBXVariantGroup section */
		060FC52E21071DE700E5D6BB /* Main.storyboard */ = {
			isa = PBXVariantGroup;
			children = (
				060FC52F21071DE700E5D6BB /* Base */,
			);
			name = Main.storyboard;
			sourceTree = "<group>";
		};
		060FC53321071DE800E5D6BB /* LaunchScreen.storyboard */ = {
			isa = PBXVariantGroup;
			children = (
				060FC53421071DE800E5D6BB /* Base */,
			);
			name = LaunchScreen.storyboard;
			sourceTree = "<group>";
		};
/* End PBXVariantGroup section */

/* Begin XCBuildConfiguration section */
		060FC53721071DE800E5D6BB /* Debug */ = {
			isa = XCBuildConfiguration;
			buildSettings = {
				ALWAYS_SEARCH_USER_PATHS = NO;
				CLANG_ANALYZER_NONNULL = YES;
				CLANG_ANALYZER_NUMBER_OBJECT_CONVERSION = YES_AGGRESSIVE;
				CLANG_CXX_LANGUAGE_STANDARD = "gnu++14";
				CLANG_CXX_LIBRARY = "libc++";
				CLANG_ENABLE_MODULES = YES;
				CLANG_ENABLE_OBJC_ARC = YES;
				CLANG_ENABLE_OBJC_WEAK = YES;
				CLANG_WARN_BLOCK_CAPTURE_AUTORELEASING = YES;
				CLANG_WARN_BOOL_CONVERSION = YES;
				CLANG_WARN_COMMA = YES;
				CLANG_WARN_CONSTANT_CONVERSION = YES;
				CLANG_WARN_DEPRECATED_OBJC_IMPLEMENTATIONS = YES;
				CLANG_WARN_DIRECT_OBJC_ISA_USAGE = YES_ERROR;
				CLANG_WARN_DOCUMENTATION_COMMENTS = YES;
				CLANG_WARN_EMPTY_BODY = YES;
				CLANG_WARN_ENUM_CONVERSION = YES;
				CLANG_WARN_INFINITE_RECURSION = YES;
				CLANG_WARN_INT_CONVERSION = YES;
				CLANG_WARN_NON_LITERAL_NULL_CONVERSION = YES;
				CLANG_WARN_OBJC_IMPLICIT_RETAIN_SELF = YES;
				CLANG_WARN_OBJC_LITERAL_CONVERSION = YES;
				CLANG_WARN_OBJC_ROOT_CLASS = YES_ERROR;
				CLANG_WARN_RANGE_LOOP_ANALYSIS = YES;
				CLANG_WARN_STRICT_PROTOTYPES = YES;
				CLANG_WARN_SUSPICIOUS_MOVE = YES;
				CLANG_WARN_UNGUARDED_AVAILABILITY = YES_AGGRESSIVE;
				CLANG_WARN_UNREACHABLE_CODE = YES;
				CLANG_WARN__DUPLICATE_METHOD_MATCH = YES;
				CODE_SIGN_IDENTITY = "iPhone Developer";
				COPY_PHASE_STRIP = NO;
				DEBUG_INFORMATION_FORMAT = dwarf;
				ENABLE_STRICT_OBJC_MSGSEND = YES;
				ENABLE_TESTABILITY = YES;
				GCC_C_LANGUAGE_STANDARD = gnu11;
				GCC_DYNAMIC_NO_PIC = NO;
				GCC_NO_COMMON_BLOCKS = YES;
				GCC_OPTIMIZATION_LEVEL = 0;
				GCC_PREPROCESSOR_DEFINITIONS = (
					"DEBUG=1",
					"$(inherited)",
				);
				GCC_WARN_64_TO_32_BIT_CONVERSION = YES;
				GCC_WARN_ABOUT_RETURN_TYPE = YES_ERROR;
				GCC_WARN_UNDECLARED_SELECTOR = YES;
				GCC_WARN_UNINITIALIZED_AUTOS = YES_AGGRESSIVE;
				GCC_WARN_UNUSED_FUNCTION = YES;
				GCC_WARN_UNUSED_VARIABLE = YES;
				IPHONEOS_DEPLOYMENT_TARGET = 11.4;
				MTL_ENABLE_DEBUG_INFO = YES;
				ONLY_ACTIVE_ARCH = YES;
				SDKROOT = iphoneos;
				SWIFT_ACTIVE_COMPILATION_CONDITIONS = DEBUG;
				SWIFT_OPTIMIZATION_LEVEL = "-Onone";
			};
			name = Debug;
		};
		060FC53821071DE800E5D6BB /* Release */ = {
			isa = XCBuildConfiguration;
			buildSettings = {
				ALWAYS_SEARCH_USER_PATHS = NO;
				CLANG_ANALYZER_NONNULL = YES;
				CLANG_ANALYZER_NUMBER_OBJECT_CONVERSION = YES_AGGRESSIVE;
				CLANG_CXX_LANGUAGE_STANDARD = "gnu++14";
				CLANG_CXX_LIBRARY = "libc++";
				CLANG_ENABLE_MODULES = YES;
				CLANG_ENABLE_OBJC_ARC = YES;
				CLANG_ENABLE_OBJC_WEAK = YES;
				CLANG_WARN_BLOCK_CAPTURE_AUTORELEASING = YES;
				CLANG_WARN_BOOL_CONVERSION = YES;
				CLANG_WARN_COMMA = YES;
				CLANG_WARN_CONSTANT_CONVERSION = YES;
				CLANG_WARN_DEPRECATED_OBJC_IMPLEMENTATIONS = YES;
				CLANG_WARN_DIRECT_OBJC_ISA_USAGE = YES_ERROR;
				CLANG_WARN_DOCUMENTATION_COMMENTS = YES;
				CLANG_WARN_EMPTY_BODY = YES;
				CLANG_WARN_ENUM_CONVERSION = YES;
				CLANG_WARN_INFINITE_RECURSION = YES;
				CLANG_WARN_INT_CONVERSION = YES;
				CLANG_WARN_NON_LITERAL_NULL_CONVERSION = YES;
				CLANG_WARN_OBJC_IMPLICIT_RETAIN_SELF = YES;
				CLANG_WARN_OBJC_LITERAL_CONVERSION = YES;
				CLANG_WARN_OBJC_ROOT_CLASS = YES_ERROR;
				CLANG_WARN_RANGE_LOOP_ANALYSIS = YES;
				CLANG_WARN_STRICT_PROTOTYPES = YES;
				CLANG_WARN_SUSPICIOUS_MOVE = YES;
				CLANG_WARN_UNGUARDED_AVAILABILITY = YES_AGGRESSIVE;
				CLANG_WARN_UNREACHABLE_CODE = YES;
				CLANG_WARN__DUPLICATE_METHOD_MATCH = YES;
				CODE_SIGN_IDENTITY = "iPhone Developer";
				COPY_PHASE_STRIP = NO;
				DEBUG_INFORMATION_FORMAT = "dwarf-with-dsym";
				ENABLE_NS_ASSERTIONS = NO;
				ENABLE_STRICT_OBJC_MSGSEND = YES;
				GCC_C_LANGUAGE_STANDARD = gnu11;
				GCC_NO_COMMON_BLOCKS = YES;
				GCC_WARN_64_TO_32_BIT_CONVERSION = YES;
				GCC_WARN_ABOUT_RETURN_TYPE = YES_ERROR;
				GCC_WARN_UNDECLARED_SELECTOR = YES;
				GCC_WARN_UNINITIALIZED_AUTOS = YES_AGGRESSIVE;
				GCC_WARN_UNUSED_FUNCTION = YES;
				GCC_WARN_UNUSED_VARIABLE = YES;
				IPHONEOS_DEPLOYMENT_TARGET = 11.4;
				MTL_ENABLE_DEBUG_INFO = NO;
				SDKROOT = iphoneos;
				SWIFT_COMPILATION_MODE = wholemodule;
				SWIFT_OPTIMIZATION_LEVEL = "-O";
				VALIDATE_PRODUCT = YES;
			};
			name = Release;
		};
		060FC53A21071DE800E5D6BB /* Debug */ = {
			isa = XCBuildConfiguration;
			baseConfigurationReference = 62DB9537D81A311EB8C0824B /* Pods-Limbo.debug.xcconfig */;
			buildSettings = {
				ASSETCATALOG_COMPILER_APPICON_NAME = AppIcon;
				CODE_SIGN_STYLE = Automatic;
				DEVELOPMENT_TEAM = XFNQF25BM4;
				INFOPLIST_FILE = Limbo/Info.plist;
				LD_RUNPATH_SEARCH_PATHS = (
					"$(inherited)",
					"@executable_path/Frameworks",
				);
				PRODUCT_BUNDLE_IDENTIFIER = net.nemetschek.Limbo;
				PRODUCT_NAME = "$(TARGET_NAME)";
				SWIFT_VERSION = 4.0;
				TARGETED_DEVICE_FAMILY = "1,2";
			};
			name = Debug;
		};
		060FC53B21071DE800E5D6BB /* Release */ = {
			isa = XCBuildConfiguration;
			baseConfigurationReference = ECBC6D0F2B39D67B3E92515C /* Pods-Limbo.release.xcconfig */;
			buildSettings = {
				ASSETCATALOG_COMPILER_APPICON_NAME = AppIcon;
				CODE_SIGN_STYLE = Automatic;
				DEVELOPMENT_TEAM = XFNQF25BM4;
				INFOPLIST_FILE = Limbo/Info.plist;
				LD_RUNPATH_SEARCH_PATHS = (
					"$(inherited)",
					"@executable_path/Frameworks",
				);
				PRODUCT_BUNDLE_IDENTIFIER = net.nemetschek.Limbo;
				PRODUCT_NAME = "$(TARGET_NAME)";
				SWIFT_VERSION = 4.0;
				TARGETED_DEVICE_FAMILY = "1,2";
			};
			name = Release;
		};
/* End XCBuildConfiguration section */

/* Begin XCConfigurationList section */
		060FC52221071DE700E5D6BB /* Build configuration list for PBXProject "Limbo" */ = {
			isa = XCConfigurationList;
			buildConfigurations = (
				060FC53721071DE800E5D6BB /* Debug */,
				060FC53821071DE800E5D6BB /* Release */,
			);
			defaultConfigurationIsVisible = 0;
			defaultConfigurationName = Release;
		};
		060FC53921071DE800E5D6BB /* Build configuration list for PBXNativeTarget "Limbo" */ = {
			isa = XCConfigurationList;
			buildConfigurations = (
				060FC53A21071DE800E5D6BB /* Debug */,
				060FC53B21071DE800E5D6BB /* Release */,
			);
			defaultConfigurationIsVisible = 0;
			defaultConfigurationName = Release;
		};
/* End XCConfigurationList section */
	};
	rootObject = 060FC51F21071DE700E5D6BB /* Project object */;
}
