// !$*UTF8*$!
{
	archiveVersion = 1;
	classes = {
	};
	objectVersion = 50;
	objects = {

/* Begin PBXBuildFile section */
		060FC52B21071DE700E5D6BB /* AppDelegate.swift in Sources */ = {isa = PBXBuildFile; fileRef = 060FC52A21071DE700E5D6BB /* AppDelegate.swift */; };
		060FC53021071DE700E5D6BB /* Main.storyboard in Resources */ = {isa = PBXBuildFile; fileRef = 060FC52E21071DE700E5D6BB /* Main.storyboard */; };
		060FC53221071DE800E5D6BB /* Assets.xcassets in Resources */ = {isa = PBXBuildFile; fileRef = 060FC53121071DE800E5D6BB /* Assets.xcassets */; };
		060FC53521071DE800E5D6BB /* LaunchScreen.storyboard in Resources */ = {isa = PBXBuildFile; fileRef = 060FC53321071DE800E5D6BB /* LaunchScreen.storyboard */; };
		060FC540210732DF00E5D6BB /* NearbyUsersViewController.swift in Sources */ = {isa = PBXBuildFile; fileRef = 060FC53F210732DF00E5D6BB /* NearbyUsersViewController.swift */; };
		060FC5432107336E00E5D6BB /* UserModel.swift in Sources */ = {isa = PBXBuildFile; fileRef = 060FC5422107336E00E5D6BB /* UserModel.swift */; };
		060FC5452107348900E5D6BB /* NearbyDeviceCollectionViewCell.swift in Sources */ = {isa = PBXBuildFile; fileRef = 060FC5442107348900E5D6BB /* NearbyDeviceCollectionViewCell.swift */; };
		061095BC210F176400A23D27 /* AudioToolbox.framework in Frameworks */ = {isa = PBXBuildFile; fileRef = 061095BB210F176400A23D27 /* AudioToolbox.framework */; };
		061095BE210F178F00A23D27 /* LNRSimpleNotifications.framework in Frameworks */ = {isa = PBXBuildFile; fileRef = 061095BD210F178F00A23D27 /* LNRSimpleNotifications.framework */; };
		061095C0210F3ED700A23D27 /* AvatarCollectionReusableViewFooter.swift in Sources */ = {isa = PBXBuildFile; fileRef = 061095BF210F3ED700A23D27 /* AvatarCollectionReusableViewFooter.swift */; };
		061095C221104B1800A23D27 /* NearbyUsersViewController+ChatDelegate.swift in Sources */ = {isa = PBXBuildFile; fileRef = 061095C121104B1800A23D27 /* NearbyUsersViewController+ChatDelegate.swift */; };
		061095C421104C8E00A23D27 /* UsersConnectivity+UsersConnectivityDelegate.swift in Sources */ = {isa = PBXBuildFile; fileRef = 061095C321104C8E00A23D27 /* UsersConnectivity+UsersConnectivityDelegate.swift */; };
		061095C6211054F600A23D27 /* CurseManager.swift in Sources */ = {isa = PBXBuildFile; fileRef = 061095C5211054F600A23D27 /* CurseManager.swift */; };
		061095C821109BE100A23D27 /* ChatViewController+ChatDelegate.swift in Sources */ = {isa = PBXBuildFile; fileRef = 061095C721109BE100A23D27 /* ChatViewController+ChatDelegate.swift */; };
		06262FCB21075E7A003C6A1E /* Constants.swift in Sources */ = {isa = PBXBuildFile; fileRef = 06262FCA21075E79003C6A1E /* Constants.swift */; };
		06262FCD21075E9E003C6A1E /* DZNEmptyDataSet.framework in Frameworks */ = {isa = PBXBuildFile; fileRef = 06262FCC21075E9E003C6A1E /* DZNEmptyDataSet.framework */; };
		06262FCF210762B6003C6A1E /* LoginViewController.swift in Sources */ = {isa = PBXBuildFile; fileRef = 06262FCE210762B6003C6A1E /* LoginViewController.swift */; };
		06262FD121076B08003C6A1E /* RegisterViewController.swift in Sources */ = {isa = PBXBuildFile; fileRef = 06262FD021076B08003C6A1E /* RegisterViewController.swift */; };
		06262FD521086A50003C6A1E /* ghost_avatar.png in Resources */ = {isa = PBXBuildFile; fileRef = 06262FD421086A4F003C6A1E /* ghost_avatar.png */; };
		06262FD7210876A2003C6A1E /* MessageCell.swift in Sources */ = {isa = PBXBuildFile; fileRef = 06262FD6210876A2003C6A1E /* MessageCell.swift */; };
		06262FD9210876BA003C6A1E /* ChatViewController.swift in Sources */ = {isa = PBXBuildFile; fileRef = 06262FD8210876BA003C6A1E /* ChatViewController.swift */; };
		06262FDD2108A88A003C6A1E /* MessageModel.swift in Sources */ = {isa = PBXBuildFile; fileRef = 06262FDC2108A88A003C6A1E /* MessageModel.swift */; };
		06262FDF2109C95D003C6A1E /* ChatViewController+TableView.swift in Sources */ = {isa = PBXBuildFile; fileRef = 06262FDE2109C95D003C6A1E /* ChatViewController+TableView.swift */; };
		06262FE12109CE25003C6A1E /* NearbyUsersViewController+CollectionView.swift in Sources */ = {isa = PBXBuildFile; fileRef = 06262FE02109CE25003C6A1E /* NearbyUsersViewController+CollectionView.swift */; };
		06262FE32109DCD9003C6A1E /* Toast_Swift.framework in Frameworks */ = {isa = PBXBuildFile; fileRef = 06262FE22109DCD9003C6A1E /* Toast_Swift.framework */; };
		06262FE5210B471C003C6A1E /* AvatarCollectionViewController.swift in Sources */ = {isa = PBXBuildFile; fileRef = 06262FE4210B471C003C6A1E /* AvatarCollectionViewController.swift */; };
		06262FE9210B493F003C6A1E /* do_you_kno_da_wey.jpeg in Resources */ = {isa = PBXBuildFile; fileRef = 06262FE6210B493E003C6A1E /* do_you_kno_da_wey.jpeg */; };
		06262FEA210B493F003C6A1E /* pepe.jpg in Resources */ = {isa = PBXBuildFile; fileRef = 06262FE7210B493F003C6A1E /* pepe.jpg */; };
		06262FEB210B493F003C6A1E /* spongebob.jpg in Resources */ = {isa = PBXBuildFile; fileRef = 06262FE8210B493F003C6A1E /* spongebob.jpg */; };
		06262FED210B63EB003C6A1E /* Pastel.framework in Frameworks */ = {isa = PBXBuildFile; fileRef = 06262FEC210B63EB003C6A1E /* Pastel.framework */; };
		069361FA2107459900D02D22 /* UsersConnectivity.swift in Sources */ = {isa = PBXBuildFile; fileRef = 069361F92107459900D02D22 /* UsersConnectivity.swift */; };
		069361FD210745DC00D02D22 /* Protocols.swift in Sources */ = {isa = PBXBuildFile; fileRef = 069361FC210745DC00D02D22 /* Protocols.swift */; };
		3FAAF040A7A67884D713FD01 /* Pods_Limbo.framework in Frameworks */ = {isa = PBXBuildFile; fileRef = 9270B366D46D00900DB7BF1A /* Pods_Limbo.framework */; };
/* End PBXBuildFile section */

/* Begin PBXFileReference section */
		060FC52721071DE700E5D6BB /* Limbo.app */ = {isa = PBXFileReference; explicitFileType = wrapper.application; includeInIndex = 0; path = Limbo.app; sourceTree = BUILT_PRODUCTS_DIR; };
		060FC52A21071DE700E5D6BB /* AppDelegate.swift */ = {isa = PBXFileReference; lastKnownFileType = sourcecode.swift; path = AppDelegate.swift; sourceTree = "<group>"; };
		060FC52F21071DE700E5D6BB /* Base */ = {isa = PBXFileReference; lastKnownFileType = file.storyboard; name = Base; path = Base.lproj/Main.storyboard; sourceTree = "<group>"; };
		060FC53121071DE800E5D6BB /* Assets.xcassets */ = {isa = PBXFileReference; lastKnownFileType = folder.assetcatalog; path = Assets.xcassets; sourceTree = "<group>"; };
		060FC53421071DE800E5D6BB /* Base */ = {isa = PBXFileReference; lastKnownFileType = file.storyboard; name = Base; path = Base.lproj/LaunchScreen.storyboard; sourceTree = "<group>"; };
		060FC53621071DE800E5D6BB /* Info.plist */ = {isa = PBXFileReference; lastKnownFileType = text.plist.xml; path = Info.plist; sourceTree = "<group>"; };
		060FC53F210732DF00E5D6BB /* NearbyUsersViewController.swift */ = {isa = PBXFileReference; fileEncoding = 4; lastKnownFileType = sourcecode.swift; path = NearbyUsersViewController.swift; sourceTree = "<group>"; };
		060FC5422107336E00E5D6BB /* UserModel.swift */ = {isa = PBXFileReference; lastKnownFileType = sourcecode.swift; path = UserModel.swift; sourceTree = "<group>"; };
		060FC5442107348900E5D6BB /* NearbyDeviceCollectionViewCell.swift */ = {isa = PBXFileReference; lastKnownFileType = sourcecode.swift; path = NearbyDeviceCollectionViewCell.swift; sourceTree = "<group>"; };
		061095BB210F176400A23D27 /* AudioToolbox.framework */ = {isa = PBXFileReference; lastKnownFileType = wrapper.framework; name = AudioToolbox.framework; path = System/Library/Frameworks/AudioToolbox.framework; sourceTree = SDKROOT; };
		061095BD210F178F00A23D27 /* LNRSimpleNotifications.framework */ = {isa = PBXFileReference; explicitFileType = wrapper.framework; path = LNRSimpleNotifications.framework; sourceTree = BUILT_PRODUCTS_DIR; };
		061095BF210F3ED700A23D27 /* AvatarCollectionReusableViewFooter.swift */ = {isa = PBXFileReference; lastKnownFileType = sourcecode.swift; path = AvatarCollectionReusableViewFooter.swift; sourceTree = "<group>"; };
		061095C121104B1800A23D27 /* NearbyUsersViewController+ChatDelegate.swift */ = {isa = PBXFileReference; lastKnownFileType = sourcecode.swift; path = "NearbyUsersViewController+ChatDelegate.swift"; sourceTree = "<group>"; };
		061095C321104C8E00A23D27 /* UsersConnectivity+UsersConnectivityDelegate.swift */ = {isa = PBXFileReference; lastKnownFileType = sourcecode.swift; path = "UsersConnectivity+UsersConnectivityDelegate.swift"; sourceTree = "<group>"; };
		061095C5211054F600A23D27 /* CurseManager.swift */ = {isa = PBXFileReference; lastKnownFileType = sourcecode.swift; path = CurseManager.swift; sourceTree = "<group>"; };
		061095C721109BE100A23D27 /* ChatViewController+ChatDelegate.swift */ = {isa = PBXFileReference; lastKnownFileType = sourcecode.swift; path = "ChatViewController+ChatDelegate.swift"; sourceTree = "<group>"; };
		06262FCA21075E79003C6A1E /* Constants.swift */ = {isa = PBXFileReference; fileEncoding = 4; lastKnownFileType = sourcecode.swift; path = Constants.swift; sourceTree = "<group>"; };
		06262FCC21075E9E003C6A1E /* DZNEmptyDataSet.framework */ = {isa = PBXFileReference; explicitFileType = wrapper.framework; path = DZNEmptyDataSet.framework; sourceTree = BUILT_PRODUCTS_DIR; };
		06262FCE210762B6003C6A1E /* LoginViewController.swift */ = {isa = PBXFileReference; lastKnownFileType = sourcecode.swift; path = LoginViewController.swift; sourceTree = "<group>"; };
		06262FD021076B08003C6A1E /* RegisterViewController.swift */ = {isa = PBXFileReference; lastKnownFileType = sourcecode.swift; path = RegisterViewController.swift; sourceTree = "<group>"; };
		06262FD421086A4F003C6A1E /* ghost_avatar.png */ = {isa = PBXFileReference; lastKnownFileType = image.png; path = ghost_avatar.png; sourceTree = "<group>"; };
		06262FD6210876A2003C6A1E /* MessageCell.swift */ = {isa = PBXFileReference; lastKnownFileType = sourcecode.swift; path = MessageCell.swift; sourceTree = "<group>"; };
		06262FD8210876BA003C6A1E /* ChatViewController.swift */ = {isa = PBXFileReference; lastKnownFileType = sourcecode.swift; path = ChatViewController.swift; sourceTree = "<group>"; };
		06262FDC2108A88A003C6A1E /* MessageModel.swift */ = {isa = PBXFileReference; lastKnownFileType = sourcecode.swift; path = MessageModel.swift; sourceTree = "<group>"; };
		06262FDE2109C95D003C6A1E /* ChatViewController+TableView.swift */ = {isa = PBXFileReference; lastKnownFileType = sourcecode.swift; path = "ChatViewController+TableView.swift"; sourceTree = "<group>"; };
		06262FE02109CE25003C6A1E /* NearbyUsersViewController+CollectionView.swift */ = {isa = PBXFileReference; lastKnownFileType = sourcecode.swift; path = "NearbyUsersViewController+CollectionView.swift"; sourceTree = "<group>"; };
		06262FE22109DCD9003C6A1E /* Toast_Swift.framework */ = {isa = PBXFileReference; explicitFileType = wrapper.framework; path = Toast_Swift.framework; sourceTree = BUILT_PRODUCTS_DIR; };
		06262FE4210B471C003C6A1E /* AvatarCollectionViewController.swift */ = {isa = PBXFileReference; lastKnownFileType = sourcecode.swift; path = AvatarCollectionViewController.swift; sourceTree = "<group>"; };
		06262FE6210B493E003C6A1E /* do_you_kno_da_wey.jpeg */ = {isa = PBXFileReference; lastKnownFileType = image.jpeg; path = do_you_kno_da_wey.jpeg; sourceTree = "<group>"; };
		06262FE7210B493F003C6A1E /* pepe.jpg */ = {isa = PBXFileReference; lastKnownFileType = image.jpeg; path = pepe.jpg; sourceTree = "<group>"; };
		06262FE8210B493F003C6A1E /* spongebob.jpg */ = {isa = PBXFileReference; lastKnownFileType = image.jpeg; path = spongebob.jpg; sourceTree = "<group>"; };
		06262FEC210B63EB003C6A1E /* Pastel.framework */ = {isa = PBXFileReference; explicitFileType = wrapper.framework; path = Pastel.framework; sourceTree = BUILT_PRODUCTS_DIR; };
		069361F92107459900D02D22 /* UsersConnectivity.swift */ = {isa = PBXFileReference; fileEncoding = 4; lastKnownFileType = sourcecode.swift; path = UsersConnectivity.swift; sourceTree = "<group>"; };
		069361FC210745DC00D02D22 /* Protocols.swift */ = {isa = PBXFileReference; lastKnownFileType = sourcecode.swift; path = Protocols.swift; sourceTree = "<group>"; };
		62DB9537D81A311EB8C0824B /* Pods-Limbo.debug.xcconfig */ = {isa = PBXFileReference; includeInIndex = 1; lastKnownFileType = text.xcconfig; name = "Pods-Limbo.debug.xcconfig"; path = "Pods/Target Support Files/Pods-Limbo/Pods-Limbo.debug.xcconfig"; sourceTree = "<group>"; };
		9270B366D46D00900DB7BF1A /* Pods_Limbo.framework */ = {isa = PBXFileReference; explicitFileType = wrapper.framework; includeInIndex = 0; path = Pods_Limbo.framework; sourceTree = BUILT_PRODUCTS_DIR; };
		ECBC6D0F2B39D67B3E92515C /* Pods-Limbo.release.xcconfig */ = {isa = PBXFileReference; includeInIndex = 1; lastKnownFileType = text.xcconfig; name = "Pods-Limbo.release.xcconfig"; path = "Pods/Target Support Files/Pods-Limbo/Pods-Limbo.release.xcconfig"; sourceTree = "<group>"; };
/* End PBXFileReference section */

/* Begin PBXFrameworksBuildPhase section */
		060FC52421071DE700E5D6BB /* Frameworks */ = {
			isa = PBXFrameworksBuildPhase;
			buildActionMask = 2147483647;
			files = (
				061095BE210F178F00A23D27 /* LNRSimpleNotifications.framework in Frameworks */,
				061095BC210F176400A23D27 /* AudioToolbox.framework in Frameworks */,
				06262FED210B63EB003C6A1E /* Pastel.framework in Frameworks */,
				06262FE32109DCD9003C6A1E /* Toast_Swift.framework in Frameworks */,
				06262FCD21075E9E003C6A1E /* DZNEmptyDataSet.framework in Frameworks */,
				3FAAF040A7A67884D713FD01 /* Pods_Limbo.framework in Frameworks */,
			);
			runOnlyForDeploymentPostprocessing = 0;
		};
/* End PBXFrameworksBuildPhase section */

/* Begin PBXGroup section */
		060FC51E21071DE700E5D6BB = {
			isa = PBXGroup;
			children = (
				060FC52921071DE700E5D6BB /* Limbo */,
				060FC52821071DE700E5D6BB /* Products */,
				8EF2989E40B25AB500F92F64 /* Pods */,
				1DC3AF52497DCF1AF8048988 /* Frameworks */,
			);
			sourceTree = "<group>";
		};
		060FC52821071DE700E5D6BB /* Products */ = {
			isa = PBXGroup;
			children = (
				060FC52721071DE700E5D6BB /* Limbo.app */,
			);
			name = Products;
			sourceTree = "<group>";
		};
		060FC52921071DE700E5D6BB /* Limbo */ = {
			isa = PBXGroup;
			children = (
				060FC5462107433100E5D6BB /* Utilities */,
				060FC5412107335C00E5D6BB /* Models */,
				060FC53E210732DF00E5D6BB /* View Controllers */,
				06262FD221086A4F003C6A1E /* Resources */,
				060FC52A21071DE700E5D6BB /* AppDelegate.swift */,
				060FC52E21071DE700E5D6BB /* Main.storyboard */,
				060FC53121071DE800E5D6BB /* Assets.xcassets */,
				060FC53321071DE800E5D6BB /* LaunchScreen.storyboard */,
				060FC53621071DE800E5D6BB /* Info.plist */,
			);
			path = Limbo;
			sourceTree = "<group>";
		};
		060FC53E210732DF00E5D6BB /* View Controllers */ = {
			isa = PBXGroup;
			children = (
				061095C92110AC1900A23D27 /* Nearby Users */,
				061095CB2110AC4500A23D27 /* Chat */,
				061095CA2110AC3200A23D27 /* Login Register */,
				06262FE4210B471C003C6A1E /* AvatarCollectionViewController.swift */,
				061095BF210F3ED700A23D27 /* AvatarCollectionReusableViewFooter.swift */,
			);
			path = "View Controllers";
			sourceTree = "<group>";
		};
		060FC5412107335C00E5D6BB /* Models */ = {
			isa = PBXGroup;
			children = (
				060FC5422107336E00E5D6BB /* UserModel.swift */,
				06262FDC2108A88A003C6A1E /* MessageModel.swift */,
			);
			path = Models;
			sourceTree = "<group>";
		};
		060FC5462107433100E5D6BB /* Utilities */ = {
			isa = PBXGroup;
			children = (
				069361F92107459900D02D22 /* UsersConnectivity.swift */,
				061095C321104C8E00A23D27 /* UsersConnectivity+UsersConnectivityDelegate.swift */,
				069361FC210745DC00D02D22 /* Protocols.swift */,
				06262FCA21075E79003C6A1E /* Constants.swift */,
				061095C5211054F600A23D27 /* CurseManager.swift */,
			);
			path = Utilities;
			sourceTree = "<group>";
		};
		061095C92110AC1900A23D27 /* Nearby Users */ = {
			isa = PBXGroup;
			children = (
				060FC53F210732DF00E5D6BB /* NearbyUsersViewController.swift */,
				06262FE02109CE25003C6A1E /* NearbyUsersViewController+CollectionView.swift */,
				061095C121104B1800A23D27 /* NearbyUsersViewController+ChatDelegate.swift */,
				060FC5442107348900E5D6BB /* NearbyDeviceCollectionViewCell.swift */,
			);
			path = "Nearby Users";
			sourceTree = "<group>";
		};
		061095CA2110AC3200A23D27 /* Login Register */ = {
			isa = PBXGroup;
			children = (
				06262FCE210762B6003C6A1E /* LoginViewController.swift */,
				06262FD021076B08003C6A1E /* RegisterViewController.swift */,
			);
			path = "Login Register";
			sourceTree = "<group>";
		};
		061095CB2110AC4500A23D27 /* Chat */ = {
			isa = PBXGroup;
			children = (
				06262FD6210876A2003C6A1E /* MessageCell.swift */,
				06262FD8210876BA003C6A1E /* ChatViewController.swift */,
				061095C721109BE100A23D27 /* ChatViewController+ChatDelegate.swift */,
				06262FDE2109C95D003C6A1E /* ChatViewController+TableView.swift */,
			);
			path = Chat;
			sourceTree = "<group>";
		};
		06262FD221086A4F003C6A1E /* Resources */ = {
			isa = PBXGroup;
			children = (
				06262FD321086A4F003C6A1E /* Avatars */,
			);
			path = Resources;
			sourceTree = "<group>";
		};
		06262FD321086A4F003C6A1E /* Avatars */ = {
			isa = PBXGroup;
			children = (
				06262FE6210B493E003C6A1E /* do_you_kno_da_wey.jpeg */,
				06262FE7210B493F003C6A1E /* pepe.jpg */,
				06262FE8210B493F003C6A1E /* spongebob.jpg */,
				06262FD421086A4F003C6A1E /* ghost_avatar.png */,
			);
			path = Avatars;
			sourceTree = "<group>";
		};
		1DC3AF52497DCF1AF8048988 /* Frameworks */ = {
			isa = PBXGroup;
			children = (
				061095BD210F178F00A23D27 /* LNRSimpleNotifications.framework */,
				061095BB210F176400A23D27 /* AudioToolbox.framework */,
				06262FEC210B63EB003C6A1E /* Pastel.framework */,
				06262FE22109DCD9003C6A1E /* Toast_Swift.framework */,
				06262FCC21075E9E003C6A1E /* DZNEmptyDataSet.framework */,
				9270B366D46D00900DB7BF1A /* Pods_Limbo.framework */,
			);
			name = Frameworks;
			sourceTree = "<group>";
		};
		8EF2989E40B25AB500F92F64 /* Pods */ = {
			isa = PBXGroup;
			children = (
				62DB9537D81A311EB8C0824B /* Pods-Limbo.debug.xcconfig */,
				ECBC6D0F2B39D67B3E92515C /* Pods-Limbo.release.xcconfig */,
			);
			name = Pods;
			sourceTree = "<group>";
		};
/* End PBXGroup section */

/* Begin PBXNativeTarget section */
		060FC52621071DE700E5D6BB /* Limbo */ = {
			isa = PBXNativeTarget;
			buildConfigurationList = 060FC53921071DE800E5D6BB /* Build configuration list for PBXNativeTarget "Limbo" */;
			buildPhases = (
				C9A648DF860532C1019CC105 /* [CP] Check Pods Manifest.lock */,
				060FC52321071DE700E5D6BB /* Sources */,
				060FC52421071DE700E5D6BB /* Frameworks */,
				060FC52521071DE700E5D6BB /* Resources */,
				6C7EE0D3B5867F7D000F5BA7 /* [CP] Embed Pods Frameworks */,
			);
			buildRules = (
			);
			dependencies = (
			);
			name = Limbo;
			productName = Limbo;
			productReference = 060FC52721071DE700E5D6BB /* Limbo.app */;
			productType = "com.apple.product-type.application";
		};
/* End PBXNativeTarget section */

/* Begin PBXProject section */
		060FC51F21071DE700E5D6BB /* Project object */ = {
			isa = PBXProject;
			attributes = {
				LastSwiftUpdateCheck = 0940;
				LastUpgradeCheck = 0940;
				ORGANIZATIONNAME = "A-Team User";
				TargetAttributes = {
					060FC52621071DE700E5D6BB = {
						CreatedOnToolsVersion = 9.4.1;
					};
				};
			};
			buildConfigurationList = 060FC52221071DE700E5D6BB /* Build configuration list for PBXProject "Limbo" */;
			compatibilityVersion = "Xcode 9.3";
			developmentRegion = en;
			hasScannedForEncodings = 0;
			knownRegions = (
				en,
				Base,
			);
			mainGroup = 060FC51E21071DE700E5D6BB;
			productRefGroup = 060FC52821071DE700E5D6BB /* Products */;
			projectDirPath = "";
			projectRoot = "";
			targets = (
				060FC52621071DE700E5D6BB /* Limbo */,
			);
		};
/* End PBXProject section */

/* Begin PBXResourcesBuildPhase section */
		060FC52521071DE700E5D6BB /* Resources */ = {
			isa = PBXResourcesBuildPhase;
			buildActionMask = 2147483647;
			files = (
				060FC53521071DE800E5D6BB /* LaunchScreen.storyboard in Resources */,
				06262FEA210B493F003C6A1E /* pepe.jpg in Resources */,
				060FC53221071DE800E5D6BB /* Assets.xcassets in Resources */,
				06262FD521086A50003C6A1E /* ghost_avatar.png in Resources */,
				06262FE9210B493F003C6A1E /* do_you_kno_da_wey.jpeg in Resources */,
				06262FEB210B493F003C6A1E /* spongebob.jpg in Resources */,
				060FC53021071DE700E5D6BB /* Main.storyboard in Resources */,
			);
			runOnlyForDeploymentPostprocessing = 0;
		};
/* End PBXResourcesBuildPhase section */

/* Begin PBXShellScriptBuildPhase section */
		6C7EE0D3B5867F7D000F5BA7 /* [CP] Embed Pods Frameworks */ = {
			isa = PBXShellScriptBuildPhase;
			buildActionMask = 2147483647;
			files = (
			);
			inputPaths = (
				"${SRCROOT}/Pods/Target Support Files/Pods-Limbo/Pods-Limbo-frameworks.sh",
				"${BUILT_PRODUCTS_DIR}/DZNEmptyDataSet/DZNEmptyDataSet.framework",
				"${BUILT_PRODUCTS_DIR}/LNRSimpleNotifications/LNRSimpleNotifications.framework",
				"${BUILT_PRODUCTS_DIR}/Pastel/Pastel.framework",
				"${BUILT_PRODUCTS_DIR}/Realm/Realm.framework",
				"${BUILT_PRODUCTS_DIR}/RealmSwift/RealmSwift.framework",
				"${BUILT_PRODUCTS_DIR}/Toast-Swift/Toast_Swift.framework",
			);
			name = "[CP] Embed Pods Frameworks";
			outputPaths = (
				"${TARGET_BUILD_DIR}/${FRAMEWORKS_FOLDER_PATH}/DZNEmptyDataSet.framework",
				"${TARGET_BUILD_DIR}/${FRAMEWORKS_FOLDER_PATH}/LNRSimpleNotifications.framework",
				"${TARGET_BUILD_DIR}/${FRAMEWORKS_FOLDER_PATH}/Pastel.framework",
				"${TARGET_BUILD_DIR}/${FRAMEWORKS_FOLDER_PATH}/Realm.framework",
				"${TARGET_BUILD_DIR}/${FRAMEWORKS_FOLDER_PATH}/RealmSwift.framework",
				"${TARGET_BUILD_DIR}/${FRAMEWORKS_FOLDER_PATH}/Toast_Swift.framework",
			);
			runOnlyForDeploymentPostprocessing = 0;
			shellPath = /bin/sh;
			shellScript = "\"${SRCROOT}/Pods/Target Support Files/Pods-Limbo/Pods-Limbo-frameworks.sh\"\n";
			showEnvVarsInLog = 0;
		};
		C9A648DF860532C1019CC105 /* [CP] Check Pods Manifest.lock */ = {
			isa = PBXShellScriptBuildPhase;
			buildActionMask = 2147483647;
			files = (
			);
			inputPaths = (
				"${PODS_PODFILE_DIR_PATH}/Podfile.lock",
				"${PODS_ROOT}/Manifest.lock",
			);
			name = "[CP] Check Pods Manifest.lock";
			outputPaths = (
				"$(DERIVED_FILE_DIR)/Pods-Limbo-checkManifestLockResult.txt",
			);
			runOnlyForDeploymentPostprocessing = 0;
			shellPath = /bin/sh;
			shellScript = "diff \"${PODS_PODFILE_DIR_PATH}/Podfile.lock\" \"${PODS_ROOT}/Manifest.lock\" > /dev/null\nif [ $? != 0 ] ; then\n    # print error to STDERR\n    echo \"error: The sandbox is not in sync with the Podfile.lock. Run 'pod install' or update your CocoaPods installation.\" >&2\n    exit 1\nfi\n# This output is used by Xcode 'outputs' to avoid re-running this script phase.\necho \"SUCCESS\" > \"${SCRIPT_OUTPUT_FILE_0}\"\n";
			showEnvVarsInLog = 0;
		};
/* End PBXShellScriptBuildPhase section */

/* Begin PBXSourcesBuildPhase section */
		060FC52321071DE700E5D6BB /* Sources */ = {
			isa = PBXSourcesBuildPhase;
			buildActionMask = 2147483647;
			files = (
				061095C6211054F600A23D27 /* CurseManager.swift in Sources */,
				06262FD7210876A2003C6A1E /* MessageCell.swift in Sources */,
				061095C421104C8E00A23D27 /* UsersConnectivity+UsersConnectivityDelegate.swift in Sources */,
				06262FCF210762B6003C6A1E /* LoginViewController.swift in Sources */,
				06262FD121076B08003C6A1E /* RegisterViewController.swift in Sources */,
				061095C0210F3ED700A23D27 /* AvatarCollectionReusableViewFooter.swift in Sources */,
				060FC52B21071DE700E5D6BB /* AppDelegate.swift in Sources */,
				06262FE12109CE25003C6A1E /* NearbyUsersViewController+CollectionView.swift in Sources */,
				060FC5432107336E00E5D6BB /* UserModel.swift in Sources */,
				069361FD210745DC00D02D22 /* Protocols.swift in Sources */,
				061095C221104B1800A23D27 /* NearbyUsersViewController+ChatDelegate.swift in Sources */,
				060FC540210732DF00E5D6BB /* NearbyUsersViewController.swift in Sources */,
				06262FE5210B471C003C6A1E /* AvatarCollectionViewController.swift in Sources */,
				061095C821109BE100A23D27 /* ChatViewController+ChatDelegate.swift in Sources */,
				06262FDD2108A88A003C6A1E /* MessageModel.swift in Sources */,
				069361FA2107459900D02D22 /* UsersConnectivity.swift in Sources */,
				060FC5452107348900E5D6BB /* NearbyDeviceCollectionViewCell.swift in Sources */,
				06262FD9210876BA003C6A1E /* ChatViewController.swift in Sources */,
				06262FDF2109C95D003C6A1E /* ChatViewController+TableView.swift in Sources */,
				06262FCB21075E7A003C6A1E /* Constants.swift in Sources */,
			);
			runOnlyForDeploymentPostprocessing = 0;
		};
/* End PBXSourcesBuildPhase section */

/* Begin PBXVariantGroup section */
		060FC52E21071DE700E5D6BB /* Main.storyboard */ = {
			isa = PBXVariantGroup;
			children = (
				060FC52F21071DE700E5D6BB /* Base */,
			);
			name = Main.storyboard;
			sourceTree = "<group>";
		};
		060FC53321071DE800E5D6BB /* LaunchScreen.storyboard */ = {
			isa = PBXVariantGroup;
			children = (
				060FC53421071DE800E5D6BB /* Base */,
			);
			name = LaunchScreen.storyboard;
			sourceTree = "<group>";
		};
/* End PBXVariantGroup section */

/* Begin XCBuildConfiguration section */
		060FC53721071DE800E5D6BB /* Debug */ = {
			isa = XCBuildConfiguration;
			buildSettings = {
				ALWAYS_SEARCH_USER_PATHS = NO;
				CLANG_ANALYZER_NONNULL = YES;
				CLANG_ANALYZER_NUMBER_OBJECT_CONVERSION = YES_AGGRESSIVE;
				CLANG_CXX_LANGUAGE_STANDARD = "gnu++14";
				CLANG_CXX_LIBRARY = "libc++";
				CLANG_ENABLE_MODULES = YES;
				CLANG_ENABLE_OBJC_ARC = YES;
				CLANG_ENABLE_OBJC_WEAK = YES;
				CLANG_WARN_BLOCK_CAPTURE_AUTORELEASING = YES;
				CLANG_WARN_BOOL_CONVERSION = YES;
				CLANG_WARN_COMMA = YES;
				CLANG_WARN_CONSTANT_CONVERSION = YES;
				CLANG_WARN_DEPRECATED_OBJC_IMPLEMENTATIONS = YES;
				CLANG_WARN_DIRECT_OBJC_ISA_USAGE = YES_ERROR;
				CLANG_WARN_DOCUMENTATION_COMMENTS = YES;
				CLANG_WARN_EMPTY_BODY = YES;
				CLANG_WARN_ENUM_CONVERSION = YES;
				CLANG_WARN_INFINITE_RECURSION = YES;
				CLANG_WARN_INT_CONVERSION = YES;
				CLANG_WARN_NON_LITERAL_NULL_CONVERSION = YES;
				CLANG_WARN_OBJC_IMPLICIT_RETAIN_SELF = YES;
				CLANG_WARN_OBJC_LITERAL_CONVERSION = YES;
				CLANG_WARN_OBJC_ROOT_CLASS = YES_ERROR;
				CLANG_WARN_RANGE_LOOP_ANALYSIS = YES;
				CLANG_WARN_STRICT_PROTOTYPES = YES;
				CLANG_WARN_SUSPICIOUS_MOVE = YES;
				CLANG_WARN_UNGUARDED_AVAILABILITY = YES_AGGRESSIVE;
				CLANG_WARN_UNREACHABLE_CODE = YES;
				CLANG_WARN__DUPLICATE_METHOD_MATCH = YES;
				CODE_SIGN_IDENTITY = "iPhone Developer";
				COPY_PHASE_STRIP = NO;
				DEBUG_INFORMATION_FORMAT = dwarf;
				ENABLE_STRICT_OBJC_MSGSEND = YES;
				ENABLE_TESTABILITY = YES;
				GCC_C_LANGUAGE_STANDARD = gnu11;
				GCC_DYNAMIC_NO_PIC = NO;
				GCC_NO_COMMON_BLOCKS = YES;
				GCC_OPTIMIZATION_LEVEL = 0;
				GCC_PREPROCESSOR_DEFINITIONS = (
					"DEBUG=1",
					"$(inherited)",
				);
				GCC_WARN_64_TO_32_BIT_CONVERSION = YES;
				GCC_WARN_ABOUT_RETURN_TYPE = YES_ERROR;
				GCC_WARN_UNDECLARED_SELECTOR = YES;
				GCC_WARN_UNINITIALIZED_AUTOS = YES_AGGRESSIVE;
				GCC_WARN_UNUSED_FUNCTION = YES;
				GCC_WARN_UNUSED_VARIABLE = YES;
				IPHONEOS_DEPLOYMENT_TARGET = 11.4;
				MTL_ENABLE_DEBUG_INFO = YES;
				ONLY_ACTIVE_ARCH = YES;
				SDKROOT = iphoneos;
				SWIFT_ACTIVE_COMPILATION_CONDITIONS = DEBUG;
				SWIFT_OPTIMIZATION_LEVEL = "-Onone";
			};
			name = Debug;
		};
		060FC53821071DE800E5D6BB /* Release */ = {
			isa = XCBuildConfiguration;
			buildSettings = {
				ALWAYS_SEARCH_USER_PATHS = NO;
				CLANG_ANALYZER_NONNULL = YES;
				CLANG_ANALYZER_NUMBER_OBJECT_CONVERSION = YES_AGGRESSIVE;
				CLANG_CXX_LANGUAGE_STANDARD = "gnu++14";
				CLANG_CXX_LIBRARY = "libc++";
				CLANG_ENABLE_MODULES = YES;
				CLANG_ENABLE_OBJC_ARC = YES;
				CLANG_ENABLE_OBJC_WEAK = YES;
				CLANG_WARN_BLOCK_CAPTURE_AUTORELEASING = YES;
				CLANG_WARN_BOOL_CONVERSION = YES;
				CLANG_WARN_COMMA = YES;
				CLANG_WARN_CONSTANT_CONVERSION = YES;
				CLANG_WARN_DEPRECATED_OBJC_IMPLEMENTATIONS = YES;
				CLANG_WARN_DIRECT_OBJC_ISA_USAGE = YES_ERROR;
				CLANG_WARN_DOCUMENTATION_COMMENTS = YES;
				CLANG_WARN_EMPTY_BODY = YES;
				CLANG_WARN_ENUM_CONVERSION = YES;
				CLANG_WARN_INFINITE_RECURSION = YES;
				CLANG_WARN_INT_CONVERSION = YES;
				CLANG_WARN_NON_LITERAL_NULL_CONVERSION = YES;
				CLANG_WARN_OBJC_IMPLICIT_RETAIN_SELF = YES;
				CLANG_WARN_OBJC_LITERAL_CONVERSION = YES;
				CLANG_WARN_OBJC_ROOT_CLASS = YES_ERROR;
				CLANG_WARN_RANGE_LOOP_ANALYSIS = YES;
				CLANG_WARN_STRICT_PROTOTYPES = YES;
				CLANG_WARN_SUSPICIOUS_MOVE = YES;
				CLANG_WARN_UNGUARDED_AVAILABILITY = YES_AGGRESSIVE;
				CLANG_WARN_UNREACHABLE_CODE = YES;
				CLANG_WARN__DUPLICATE_METHOD_MATCH = YES;
				CODE_SIGN_IDENTITY = "iPhone Developer";
				COPY_PHASE_STRIP = NO;
				DEBUG_INFORMATION_FORMAT = "dwarf-with-dsym";
				ENABLE_NS_ASSERTIONS = NO;
				ENABLE_STRICT_OBJC_MSGSEND = YES;
				GCC_C_LANGUAGE_STANDARD = gnu11;
				GCC_NO_COMMON_BLOCKS = YES;
				GCC_WARN_64_TO_32_BIT_CONVERSION = YES;
				GCC_WARN_ABOUT_RETURN_TYPE = YES_ERROR;
				GCC_WARN_UNDECLARED_SELECTOR = YES;
				GCC_WARN_UNINITIALIZED_AUTOS = YES_AGGRESSIVE;
				GCC_WARN_UNUSED_FUNCTION = YES;
				GCC_WARN_UNUSED_VARIABLE = YES;
				IPHONEOS_DEPLOYMENT_TARGET = 11.4;
				MTL_ENABLE_DEBUG_INFO = NO;
				SDKROOT = iphoneos;
				SWIFT_COMPILATION_MODE = wholemodule;
				SWIFT_OPTIMIZATION_LEVEL = "-O";
				VALIDATE_PRODUCT = YES;
			};
			name = Release;
		};
		060FC53A21071DE800E5D6BB /* Debug */ = {
			isa = XCBuildConfiguration;
			baseConfigurationReference = 62DB9537D81A311EB8C0824B /* Pods-Limbo.debug.xcconfig */;
			buildSettings = {
				ASSETCATALOG_COMPILER_APPICON_NAME = AppIcon;
				CODE_SIGN_STYLE = Automatic;
				DEVELOPMENT_TEAM = XFNQF25BM4;
				INFOPLIST_FILE = Limbo/Info.plist;
				LD_RUNPATH_SEARCH_PATHS = (
					"$(inherited)",
					"@executable_path/Frameworks",
				);
				PRODUCT_BUNDLE_IDENTIFIER = net.nemetschek.Limbo;
				PRODUCT_NAME = "$(TARGET_NAME)";
				SWIFT_VERSION = 4.0;
				TARGETED_DEVICE_FAMILY = "1,2";
			};
			name = Debug;
		};
		060FC53B21071DE800E5D6BB /* Release */ = {
			isa = XCBuildConfiguration;
			baseConfigurationReference = ECBC6D0F2B39D67B3E92515C /* Pods-Limbo.release.xcconfig */;
			buildSettings = {
				ASSETCATALOG_COMPILER_APPICON_NAME = AppIcon;
				CODE_SIGN_STYLE = Automatic;
				DEVELOPMENT_TEAM = XFNQF25BM4;
				INFOPLIST_FILE = Limbo/Info.plist;
				LD_RUNPATH_SEARCH_PATHS = (
					"$(inherited)",
					"@executable_path/Frameworks",
				);
				PRODUCT_BUNDLE_IDENTIFIER = net.nemetschek.Limbo;
				PRODUCT_NAME = "$(TARGET_NAME)";
				SWIFT_VERSION = 4.0;
				TARGETED_DEVICE_FAMILY = "1,2";
			};
			name = Release;
		};
/* End XCBuildConfiguration section */

/* Begin XCConfigurationList section */
		060FC52221071DE700E5D6BB /* Build configuration list for PBXProject "Limbo" */ = {
			isa = XCConfigurationList;
			buildConfigurations = (
				060FC53721071DE800E5D6BB /* Debug */,
				060FC53821071DE800E5D6BB /* Release */,
			);
			defaultConfigurationIsVisible = 0;
			defaultConfigurationName = Release;
		};
		060FC53921071DE800E5D6BB /* Build configuration list for PBXNativeTarget "Limbo" */ = {
			isa = XCConfigurationList;
			buildConfigurations = (
				060FC53A21071DE800E5D6BB /* Debug */,
				060FC53B21071DE800E5D6BB /* Release */,
			);
			defaultConfigurationIsVisible = 0;
			defaultConfigurationName = Release;
		};
/* End XCConfigurationList section */
	};
	rootObject = 060FC51F21071DE700E5D6BB /* Project object */;
}
